// !$*UTF8*$!
{
	archiveVersion = 1;
	classes = {
	};
	objectVersion = 56;
	objects = {

/* Begin PBXBuildFile section */
		C0906A012B7C79BB001D71FB /* SwiftUI_Basic_Part1App.swift in Sources */ = {isa = PBXBuildFile; fileRef = C0906A002B7C79BB001D71FB /* SwiftUI_Basic_Part1App.swift */; };
		C0906A032B7C79BB001D71FB /* ContentView.swift in Sources */ = {isa = PBXBuildFile; fileRef = C0906A022B7C79BB001D71FB /* ContentView.swift */; };
		C0906A052B7C79BD001D71FB /* Assets.xcassets in Resources */ = {isa = PBXBuildFile; fileRef = C0906A042B7C79BD001D71FB /* Assets.xcassets */; };
		C0906A082B7C79BD001D71FB /* Preview Assets.xcassets in Resources */ = {isa = PBXBuildFile; fileRef = C0906A072B7C79BD001D71FB /* Preview Assets.xcassets */; };
		C0906A122B7C79BD001D71FB /* SwiftUI_Basic_Part1Tests.swift in Sources */ = {isa = PBXBuildFile; fileRef = C0906A112B7C79BD001D71FB /* SwiftUI_Basic_Part1Tests.swift */; };
		C0906A1C2B7C79BD001D71FB /* SwiftUI_Basic_Part1UITests.swift in Sources */ = {isa = PBXBuildFile; fileRef = C0906A1B2B7C79BD001D71FB /* SwiftUI_Basic_Part1UITests.swift */; };
		C0906A1E2B7C79BD001D71FB /* SwiftUI_Basic_Part1UITestsLaunchTests.swift in Sources */ = {isa = PBXBuildFile; fileRef = C0906A1D2B7C79BD001D71FB /* SwiftUI_Basic_Part1UITestsLaunchTests.swift */; };
		C0906A2B2B7C7A13001D71FB /* AddingText.swift in Sources */ = {isa = PBXBuildFile; fileRef = C0906A2A2B7C7A13001D71FB /* AddingText.swift */; };
		C0906A2D2B7C7BBB001D71FB /* Shapes.swift in Sources */ = {isa = PBXBuildFile; fileRef = C0906A2C2B7C7BBB001D71FB /* Shapes.swift */; };
		C0906A2F2B7C86AB001D71FB /* Colors.swift in Sources */ = {isa = PBXBuildFile; fileRef = C0906A2E2B7C86AB001D71FB /* Colors.swift */; };
		C0906A322B7C8865001D71FB /* Gradients.swift in Sources */ = {isa = PBXBuildFile; fileRef = C0906A312B7C8865001D71FB /* Gradients.swift */; };
		C0906A342B7C8A67001D71FB /* Images.swift in Sources */ = {isa = PBXBuildFile; fileRef = C0906A332B7C8A67001D71FB /* Images.swift */; };
		C0906A362B7C8CC0001D71FB /* Symbols.swift in Sources */ = {isa = PBXBuildFile; fileRef = C0906A352B7C8CC0001D71FB /* Symbols.swift */; };
		C0906A382B7C8EFA001D71FB /* Frame.swift in Sources */ = {isa = PBXBuildFile; fileRef = C0906A372B7C8EFA001D71FB /* Frame.swift */; };
		C0906A3A2B7C91D7001D71FB /* Overlay.swift in Sources */ = {isa = PBXBuildFile; fileRef = C0906A392B7C91D7001D71FB /* Overlay.swift */; };
		C0906A3C2B7C9395001D71FB /* Stacks.swift in Sources */ = {isa = PBXBuildFile; fileRef = C0906A3B2B7C9395001D71FB /* Stacks.swift */; };
		C0906A3E2B7C9770001D71FB /* Padding.swift in Sources */ = {isa = PBXBuildFile; fileRef = C0906A3D2B7C9770001D71FB /* Padding.swift */; };
		C0906A402B7C9A5A001D71FB /* Spacers.swift in Sources */ = {isa = PBXBuildFile; fileRef = C0906A3F2B7C9A5A001D71FB /* Spacers.swift */; };
		C0906A422B7C9C83001D71FB /* Discussion1.swift in Sources */ = {isa = PBXBuildFile; fileRef = C0906A412B7C9C83001D71FB /* Discussion1.swift */; };
		C0906A442B7C9E2F001D71FB /* LoopForEach.swift in Sources */ = {isa = PBXBuildFile; fileRef = C0906A432B7C9E2F001D71FB /* LoopForEach.swift */; };
		C0906A462B7C9F6A001D71FB /* ScrollViewLayout.swift in Sources */ = {isa = PBXBuildFile; fileRef = C0906A452B7C9F6A001D71FB /* ScrollViewLayout.swift */; };
		C0906A482B7CA256001D71FB /* IgnoreSafeAreaLayout.swift in Sources */ = {isa = PBXBuildFile; fileRef = C0906A472B7CA256001D71FB /* IgnoreSafeAreaLayout.swift */; };
		C0906A4A2B7CA9CC001D71FB /* LazyStacks.swift in Sources */ = {isa = PBXBuildFile; fileRef = C0906A492B7CA9CC001D71FB /* LazyStacks.swift */; };
/* End PBXBuildFile section */

/* Begin PBXContainerItemProxy section */
		C0906A0E2B7C79BD001D71FB /* PBXContainerItemProxy */ = {
			isa = PBXContainerItemProxy;
			containerPortal = C09069F52B7C79BB001D71FB /* Project object */;
			proxyType = 1;
			remoteGlobalIDString = C09069FC2B7C79BB001D71FB;
			remoteInfo = SwiftUI_Basic_Part1;
		};
		C0906A182B7C79BD001D71FB /* PBXContainerItemProxy */ = {
			isa = PBXContainerItemProxy;
			containerPortal = C09069F52B7C79BB001D71FB /* Project object */;
			proxyType = 1;
			remoteGlobalIDString = C09069FC2B7C79BB001D71FB;
			remoteInfo = SwiftUI_Basic_Part1;
		};
/* End PBXContainerItemProxy section */

/* Begin PBXFileReference section */
		C09069FD2B7C79BB001D71FB /* SwiftUI_Basic_Part1.app */ = {isa = PBXFileReference; explicitFileType = wrapper.application; includeInIndex = 0; path = SwiftUI_Basic_Part1.app; sourceTree = BUILT_PRODUCTS_DIR; };
		C0906A002B7C79BB001D71FB /* SwiftUI_Basic_Part1App.swift */ = {isa = PBXFileReference; lastKnownFileType = sourcecode.swift; path = SwiftUI_Basic_Part1App.swift; sourceTree = "<group>"; };
		C0906A022B7C79BB001D71FB /* ContentView.swift */ = {isa = PBXFileReference; lastKnownFileType = sourcecode.swift; path = ContentView.swift; sourceTree = "<group>"; };
		C0906A042B7C79BD001D71FB /* Assets.xcassets */ = {isa = PBXFileReference; lastKnownFileType = folder.assetcatalog; path = Assets.xcassets; sourceTree = "<group>"; };
		C0906A072B7C79BD001D71FB /* Preview Assets.xcassets */ = {isa = PBXFileReference; lastKnownFileType = folder.assetcatalog; path = "Preview Assets.xcassets"; sourceTree = "<group>"; };
		C0906A0D2B7C79BD001D71FB /* SwiftUI_Basic_Part1Tests.xctest */ = {isa = PBXFileReference; explicitFileType = wrapper.cfbundle; includeInIndex = 0; path = SwiftUI_Basic_Part1Tests.xctest; sourceTree = BUILT_PRODUCTS_DIR; };
		C0906A112B7C79BD001D71FB /* SwiftUI_Basic_Part1Tests.swift */ = {isa = PBXFileReference; lastKnownFileType = sourcecode.swift; path = SwiftUI_Basic_Part1Tests.swift; sourceTree = "<group>"; };
		C0906A172B7C79BD001D71FB /* SwiftUI_Basic_Part1UITests.xctest */ = {isa = PBXFileReference; explicitFileType = wrapper.cfbundle; includeInIndex = 0; path = SwiftUI_Basic_Part1UITests.xctest; sourceTree = BUILT_PRODUCTS_DIR; };
		C0906A1B2B7C79BD001D71FB /* SwiftUI_Basic_Part1UITests.swift */ = {isa = PBXFileReference; lastKnownFileType = sourcecode.swift; path = SwiftUI_Basic_Part1UITests.swift; sourceTree = "<group>"; };
		C0906A1D2B7C79BD001D71FB /* SwiftUI_Basic_Part1UITestsLaunchTests.swift */ = {isa = PBXFileReference; lastKnownFileType = sourcecode.swift; path = SwiftUI_Basic_Part1UITestsLaunchTests.swift; sourceTree = "<group>"; };
		C0906A2A2B7C7A13001D71FB /* AddingText.swift */ = {isa = PBXFileReference; lastKnownFileType = sourcecode.swift; path = AddingText.swift; sourceTree = "<group>"; };
		C0906A2C2B7C7BBB001D71FB /* Shapes.swift */ = {isa = PBXFileReference; lastKnownFileType = sourcecode.swift; path = Shapes.swift; sourceTree = "<group>"; };
		C0906A2E2B7C86AB001D71FB /* Colors.swift */ = {isa = PBXFileReference; lastKnownFileType = sourcecode.swift; path = Colors.swift; sourceTree = "<group>"; };
		C0906A312B7C8865001D71FB /* Gradients.swift */ = {isa = PBXFileReference; lastKnownFileType = sourcecode.swift; path = Gradients.swift; sourceTree = "<group>"; };
		C0906A332B7C8A67001D71FB /* Images.swift */ = {isa = PBXFileReference; lastKnownFileType = sourcecode.swift; path = Images.swift; sourceTree = "<group>"; };
		C0906A352B7C8CC0001D71FB /* Symbols.swift */ = {isa = PBXFileReference; lastKnownFileType = sourcecode.swift; path = Symbols.swift; sourceTree = "<group>"; };
		C0906A372B7C8EFA001D71FB /* Frame.swift */ = {isa = PBXFileReference; lastKnownFileType = sourcecode.swift; path = Frame.swift; sourceTree = "<group>"; };
		C0906A392B7C91D7001D71FB /* Overlay.swift */ = {isa = PBXFileReference; lastKnownFileType = sourcecode.swift; path = Overlay.swift; sourceTree = "<group>"; };
		C0906A3B2B7C9395001D71FB /* Stacks.swift */ = {isa = PBXFileReference; lastKnownFileType = sourcecode.swift; path = Stacks.swift; sourceTree = "<group>"; };
		C0906A3D2B7C9770001D71FB /* Padding.swift */ = {isa = PBXFileReference; lastKnownFileType = sourcecode.swift; path = Padding.swift; sourceTree = "<group>"; };
		C0906A3F2B7C9A5A001D71FB /* Spacers.swift */ = {isa = PBXFileReference; lastKnownFileType = sourcecode.swift; path = Spacers.swift; sourceTree = "<group>"; };
		C0906A412B7C9C83001D71FB /* Discussion1.swift */ = {isa = PBXFileReference; lastKnownFileType = sourcecode.swift; path = Discussion1.swift; sourceTree = "<group>"; };
		C0906A432B7C9E2F001D71FB /* LoopForEach.swift */ = {isa = PBXFileReference; lastKnownFileType = sourcecode.swift; path = LoopForEach.swift; sourceTree = "<group>"; };
		C0906A452B7C9F6A001D71FB /* ScrollViewLayout.swift */ = {isa = PBXFileReference; lastKnownFileType = sourcecode.swift; path = ScrollViewLayout.swift; sourceTree = "<group>"; };
		C0906A472B7CA256001D71FB /* IgnoreSafeAreaLayout.swift */ = {isa = PBXFileReference; lastKnownFileType = sourcecode.swift; path = IgnoreSafeAreaLayout.swift; sourceTree = "<group>"; };
		C0906A492B7CA9CC001D71FB /* LazyStacks.swift */ = {isa = PBXFileReference; lastKnownFileType = sourcecode.swift; path = LazyStacks.swift; sourceTree = "<group>"; };
/* End PBXFileReference section */

/* Begin PBXFrameworksBuildPhase section */
		C09069FA2B7C79BB001D71FB /* Frameworks */ = {
			isa = PBXFrameworksBuildPhase;
			buildActionMask = 2147483647;
			files = (
			);
			runOnlyForDeploymentPostprocessing = 0;
		};
		C0906A0A2B7C79BD001D71FB /* Frameworks */ = {
			isa = PBXFrameworksBuildPhase;
			buildActionMask = 2147483647;
			files = (
			);
			runOnlyForDeploymentPostprocessing = 0;
		};
		C0906A142B7C79BD001D71FB /* Frameworks */ = {
			isa = PBXFrameworksBuildPhase;
			buildActionMask = 2147483647;
			files = (
			);
			runOnlyForDeploymentPostprocessing = 0;
		};
/* End PBXFrameworksBuildPhase section */

/* Begin PBXGroup section */
		C09069F42B7C79BB001D71FB = {
			isa = PBXGroup;
			children = (
				C09069FF2B7C79BB001D71FB /* SwiftUI_Basic_Part1 */,
				C0906A102B7C79BD001D71FB /* SwiftUI_Basic_Part1Tests */,
				C0906A1A2B7C79BD001D71FB /* SwiftUI_Basic_Part1UITests */,
				C09069FE2B7C79BB001D71FB /* Products */,
			);
			sourceTree = "<group>";
		};
		C09069FE2B7C79BB001D71FB /* Products */ = {
			isa = PBXGroup;
			children = (
				C09069FD2B7C79BB001D71FB /* SwiftUI_Basic_Part1.app */,
				C0906A0D2B7C79BD001D71FB /* SwiftUI_Basic_Part1Tests.xctest */,
				C0906A172B7C79BD001D71FB /* SwiftUI_Basic_Part1UITests.xctest */,
			);
			name = Products;
			sourceTree = "<group>";
		};
		C09069FF2B7C79BB001D71FB /* SwiftUI_Basic_Part1 */ = {
			isa = PBXGroup;
			children = (
				C0906A302B7C8851001D71FB /* Courses */,
				C0906A002B7C79BB001D71FB /* SwiftUI_Basic_Part1App.swift */,
				C0906A042B7C79BD001D71FB /* Assets.xcassets */,
				C0906A062B7C79BD001D71FB /* Preview Content */,
			);
			path = SwiftUI_Basic_Part1;
			sourceTree = "<group>";
		};
		C0906A062B7C79BD001D71FB /* Preview Content */ = {
			isa = PBXGroup;
			children = (
				C0906A072B7C79BD001D71FB /* Preview Assets.xcassets */,
			);
			path = "Preview Content";
			sourceTree = "<group>";
		};
		C0906A102B7C79BD001D71FB /* SwiftUI_Basic_Part1Tests */ = {
			isa = PBXGroup;
			children = (
				C0906A112B7C79BD001D71FB /* SwiftUI_Basic_Part1Tests.swift */,
			);
			path = SwiftUI_Basic_Part1Tests;
			sourceTree = "<group>";
		};
		C0906A1A2B7C79BD001D71FB /* SwiftUI_Basic_Part1UITests */ = {
			isa = PBXGroup;
			children = (
				C0906A1B2B7C79BD001D71FB /* SwiftUI_Basic_Part1UITests.swift */,
				C0906A1D2B7C79BD001D71FB /* SwiftUI_Basic_Part1UITestsLaunchTests.swift */,
			);
			path = SwiftUI_Basic_Part1UITests;
			sourceTree = "<group>";
		};
		C0906A302B7C8851001D71FB /* Courses */ = {
			isa = PBXGroup;
			children = (
				C0906A022B7C79BB001D71FB /* ContentView.swift */,
				C0906A2A2B7C7A13001D71FB /* AddingText.swift */,
				C0906A2C2B7C7BBB001D71FB /* Shapes.swift */,
				C0906A2E2B7C86AB001D71FB /* Colors.swift */,
				C0906A312B7C8865001D71FB /* Gradients.swift */,
				C0906A332B7C8A67001D71FB /* Images.swift */,
				C0906A352B7C8CC0001D71FB /* Symbols.swift */,
				C0906A372B7C8EFA001D71FB /* Frame.swift */,
				C0906A392B7C91D7001D71FB /* Overlay.swift */,
				C0906A3B2B7C9395001D71FB /* Stacks.swift */,
				C0906A3D2B7C9770001D71FB /* Padding.swift */,
				C0906A3F2B7C9A5A001D71FB /* Spacers.swift */,
				C0906A412B7C9C83001D71FB /* Discussion1.swift */,
				C0906A432B7C9E2F001D71FB /* LoopForEach.swift */,
				C0906A452B7C9F6A001D71FB /* ScrollViewLayout.swift */,
				C0906A472B7CA256001D71FB /* IgnoreSafeAreaLayout.swift */,
				C0906A492B7CA9CC001D71FB /* LazyStacks.swift */,
			);
			path = Courses;
			sourceTree = "<group>";
		};
/* End PBXGroup section */

/* Begin PBXNativeTarget section */
		C09069FC2B7C79BB001D71FB /* SwiftUI_Basic_Part1 */ = {
			isa = PBXNativeTarget;
			buildConfigurationList = C0906A212B7C79BD001D71FB /* Build configuration list for PBXNativeTarget "SwiftUI_Basic_Part1" */;
			buildPhases = (
				C09069F92B7C79BB001D71FB /* Sources */,
				C09069FA2B7C79BB001D71FB /* Frameworks */,
				C09069FB2B7C79BB001D71FB /* Resources */,
			);
			buildRules = (
			);
			dependencies = (
			);
			name = SwiftUI_Basic_Part1;
			productName = SwiftUI_Basic_Part1;
			productReference = C09069FD2B7C79BB001D71FB /* SwiftUI_Basic_Part1.app */;
			productType = "com.apple.product-type.application";
		};
		C0906A0C2B7C79BD001D71FB /* SwiftUI_Basic_Part1Tests */ = {
			isa = PBXNativeTarget;
			buildConfigurationList = C0906A242B7C79BD001D71FB /* Build configuration list for PBXNativeTarget "SwiftUI_Basic_Part1Tests" */;
			buildPhases = (
				C0906A092B7C79BD001D71FB /* Sources */,
				C0906A0A2B7C79BD001D71FB /* Frameworks */,
				C0906A0B2B7C79BD001D71FB /* Resources */,
			);
			buildRules = (
			);
			dependencies = (
				C0906A0F2B7C79BD001D71FB /* PBXTargetDependency */,
			);
			name = SwiftUI_Basic_Part1Tests;
			productName = SwiftUI_Basic_Part1Tests;
			productReference = C0906A0D2B7C79BD001D71FB /* SwiftUI_Basic_Part1Tests.xctest */;
			productType = "com.apple.product-type.bundle.unit-test";
		};
		C0906A162B7C79BD001D71FB /* SwiftUI_Basic_Part1UITests */ = {
			isa = PBXNativeTarget;
			buildConfigurationList = C0906A272B7C79BD001D71FB /* Build configuration list for PBXNativeTarget "SwiftUI_Basic_Part1UITests" */;
			buildPhases = (
				C0906A132B7C79BD001D71FB /* Sources */,
				C0906A142B7C79BD001D71FB /* Frameworks */,
				C0906A152B7C79BD001D71FB /* Resources */,
			);
			buildRules = (
			);
			dependencies = (
				C0906A192B7C79BD001D71FB /* PBXTargetDependency */,
			);
			name = SwiftUI_Basic_Part1UITests;
			productName = SwiftUI_Basic_Part1UITests;
			productReference = C0906A172B7C79BD001D71FB /* SwiftUI_Basic_Part1UITests.xctest */;
			productType = "com.apple.product-type.bundle.ui-testing";
		};
/* End PBXNativeTarget section */

/* Begin PBXProject section */
		C09069F52B7C79BB001D71FB /* Project object */ = {
			isa = PBXProject;
			attributes = {
				BuildIndependentTargetsInParallel = 1;
				LastSwiftUpdateCheck = 1520;
				LastUpgradeCheck = 1520;
				TargetAttributes = {
					C09069FC2B7C79BB001D71FB = {
						CreatedOnToolsVersion = 15.2;
					};
					C0906A0C2B7C79BD001D71FB = {
						CreatedOnToolsVersion = 15.2;
						TestTargetID = C09069FC2B7C79BB001D71FB;
					};
					C0906A162B7C79BD001D71FB = {
						CreatedOnToolsVersion = 15.2;
						TestTargetID = C09069FC2B7C79BB001D71FB;
					};
				};
			};
			buildConfigurationList = C09069F82B7C79BB001D71FB /* Build configuration list for PBXProject "SwiftUI_Basic_Part1" */;
			compatibilityVersion = "Xcode 14.0";
			developmentRegion = en;
			hasScannedForEncodings = 0;
			knownRegions = (
				en,
				Base,
			);
			mainGroup = C09069F42B7C79BB001D71FB;
			productRefGroup = C09069FE2B7C79BB001D71FB /* Products */;
			projectDirPath = "";
			projectRoot = "";
			targets = (
				C09069FC2B7C79BB001D71FB /* SwiftUI_Basic_Part1 */,
				C0906A0C2B7C79BD001D71FB /* SwiftUI_Basic_Part1Tests */,
				C0906A162B7C79BD001D71FB /* SwiftUI_Basic_Part1UITests */,
			);
		};
/* End PBXProject section */

/* Begin PBXResourcesBuildPhase section */
		C09069FB2B7C79BB001D71FB /* Resources */ = {
			isa = PBXResourcesBuildPhase;
			buildActionMask = 2147483647;
			files = (
				C0906A082B7C79BD001D71FB /* Preview Assets.xcassets in Resources */,
				C0906A052B7C79BD001D71FB /* Assets.xcassets in Resources */,
			);
			runOnlyForDeploymentPostprocessing = 0;
		};
		C0906A0B2B7C79BD001D71FB /* Resources */ = {
			isa = PBXResourcesBuildPhase;
			buildActionMask = 2147483647;
			files = (
			);
			runOnlyForDeploymentPostprocessing = 0;
		};
		C0906A152B7C79BD001D71FB /* Resources */ = {
			isa = PBXResourcesBuildPhase;
			buildActionMask = 2147483647;
			files = (
			);
			runOnlyForDeploymentPostprocessing = 0;
		};
/* End PBXResourcesBuildPhase section */

/* Begin PBXSourcesBuildPhase section */
		C09069F92B7C79BB001D71FB /* Sources */ = {
			isa = PBXSourcesBuildPhase;
			buildActionMask = 2147483647;
			files = (
				C0906A482B7CA256001D71FB /* IgnoreSafeAreaLayout.swift in Sources */,
				C0906A382B7C8EFA001D71FB /* Frame.swift in Sources */,
				C0906A342B7C8A67001D71FB /* Images.swift in Sources */,
				C0906A3C2B7C9395001D71FB /* Stacks.swift in Sources */,
				C0906A422B7C9C83001D71FB /* Discussion1.swift in Sources */,
				C0906A3A2B7C91D7001D71FB /* Overlay.swift in Sources */,
				C0906A362B7C8CC0001D71FB /* Symbols.swift in Sources */,
				C0906A442B7C9E2F001D71FB /* LoopForEach.swift in Sources */,
				C0906A2B2B7C7A13001D71FB /* AddingText.swift in Sources */,
				C0906A2F2B7C86AB001D71FB /* Colors.swift in Sources */,
				C0906A462B7C9F6A001D71FB /* ScrollViewLayout.swift in Sources */,
				C0906A032B7C79BB001D71FB /* ContentView.swift in Sources */,
				C0906A012B7C79BB001D71FB /* SwiftUI_Basic_Part1App.swift in Sources */,
				C0906A2D2B7C7BBB001D71FB /* Shapes.swift in Sources */,
				C0906A4A2B7CA9CC001D71FB /* LazyStacks.swift in Sources */,
				C0906A322B7C8865001D71FB /* Gradients.swift in Sources */,
				C0906A3E2B7C9770001D71FB /* Padding.swift in Sources */,
				C0906A402B7C9A5A001D71FB /* Spacers.swift in Sources */,
			);
			runOnlyForDeploymentPostprocessing = 0;
		};
		C0906A092B7C79BD001D71FB /* Sources */ = {
			isa = PBXSourcesBuildPhase;
			buildActionMask = 2147483647;
			files = (
				C0906A122B7C79BD001D71FB /* SwiftUI_Basic_Part1Tests.swift in Sources */,
			);
			runOnlyForDeploymentPostprocessing = 0;
		};
		C0906A132B7C79BD001D71FB /* Sources */ = {
			isa = PBXSourcesBuildPhase;
			buildActionMask = 2147483647;
			files = (
				C0906A1E2B7C79BD001D71FB /* SwiftUI_Basic_Part1UITestsLaunchTests.swift in Sources */,
				C0906A1C2B7C79BD001D71FB /* SwiftUI_Basic_Part1UITests.swift in Sources */,
			);
			runOnlyForDeploymentPostprocessing = 0;
		};
/* End PBXSourcesBuildPhase section */

/* Begin PBXTargetDependency section */
		C0906A0F2B7C79BD001D71FB /* PBXTargetDependency */ = {
			isa = PBXTargetDependency;
			target = C09069FC2B7C79BB001D71FB /* SwiftUI_Basic_Part1 */;
			targetProxy = C0906A0E2B7C79BD001D71FB /* PBXContainerItemProxy */;
		};
		C0906A192B7C79BD001D71FB /* PBXTargetDependency */ = {
			isa = PBXTargetDependency;
			target = C09069FC2B7C79BB001D71FB /* SwiftUI_Basic_Part1 */;
			targetProxy = C0906A182B7C79BD001D71FB /* PBXContainerItemProxy */;
		};
/* End PBXTargetDependency section */

/* Begin XCBuildConfiguration section */
		C0906A1F2B7C79BD001D71FB /* Debug */ = {
			isa = XCBuildConfiguration;
			buildSettings = {
				ALWAYS_SEARCH_USER_PATHS = NO;
				ASSETCATALOG_COMPILER_GENERATE_SWIFT_ASSET_SYMBOL_EXTENSIONS = YES;
				CLANG_ANALYZER_NONNULL = YES;
				CLANG_ANALYZER_NUMBER_OBJECT_CONVERSION = YES_AGGRESSIVE;
				CLANG_CXX_LANGUAGE_STANDARD = "gnu++20";
				CLANG_ENABLE_MODULES = YES;
				CLANG_ENABLE_OBJC_ARC = YES;
				CLANG_ENABLE_OBJC_WEAK = YES;
				CLANG_WARN_BLOCK_CAPTURE_AUTORELEASING = YES;
				CLANG_WARN_BOOL_CONVERSION = YES;
				CLANG_WARN_COMMA = YES;
				CLANG_WARN_CONSTANT_CONVERSION = YES;
				CLANG_WARN_DEPRECATED_OBJC_IMPLEMENTATIONS = YES;
				CLANG_WARN_DIRECT_OBJC_ISA_USAGE = YES_ERROR;
				CLANG_WARN_DOCUMENTATION_COMMENTS = YES;
				CLANG_WARN_EMPTY_BODY = YES;
				CLANG_WARN_ENUM_CONVERSION = YES;
				CLANG_WARN_INFINITE_RECURSION = YES;
				CLANG_WARN_INT_CONVERSION = YES;
				CLANG_WARN_NON_LITERAL_NULL_CONVERSION = YES;
				CLANG_WARN_OBJC_IMPLICIT_RETAIN_SELF = YES;
				CLANG_WARN_OBJC_LITERAL_CONVERSION = YES;
				CLANG_WARN_OBJC_ROOT_CLASS = YES_ERROR;
				CLANG_WARN_QUOTED_INCLUDE_IN_FRAMEWORK_HEADER = YES;
				CLANG_WARN_RANGE_LOOP_ANALYSIS = YES;
				CLANG_WARN_STRICT_PROTOTYPES = YES;
				CLANG_WARN_SUSPICIOUS_MOVE = YES;
				CLANG_WARN_UNGUARDED_AVAILABILITY = YES_AGGRESSIVE;
				CLANG_WARN_UNREACHABLE_CODE = YES;
				CLANG_WARN__DUPLICATE_METHOD_MATCH = YES;
				COPY_PHASE_STRIP = NO;
				DEBUG_INFORMATION_FORMAT = dwarf;
				ENABLE_STRICT_OBJC_MSGSEND = YES;
				ENABLE_TESTABILITY = YES;
				ENABLE_USER_SCRIPT_SANDBOXING = YES;
				GCC_C_LANGUAGE_STANDARD = gnu17;
				GCC_DYNAMIC_NO_PIC = NO;
				GCC_NO_COMMON_BLOCKS = YES;
				GCC_OPTIMIZATION_LEVEL = 0;
				GCC_PREPROCESSOR_DEFINITIONS = (
					"DEBUG=1",
					"$(inherited)",
				);
				GCC_WARN_64_TO_32_BIT_CONVERSION = YES;
				GCC_WARN_ABOUT_RETURN_TYPE = YES_ERROR;
				GCC_WARN_UNDECLARED_SELECTOR = YES;
				GCC_WARN_UNINITIALIZED_AUTOS = YES_AGGRESSIVE;
				GCC_WARN_UNUSED_FUNCTION = YES;
				GCC_WARN_UNUSED_VARIABLE = YES;
				IPHONEOS_DEPLOYMENT_TARGET = 17.2;
				LOCALIZATION_PREFERS_STRING_CATALOGS = YES;
				MTL_ENABLE_DEBUG_INFO = INCLUDE_SOURCE;
				MTL_FAST_MATH = YES;
				ONLY_ACTIVE_ARCH = YES;
				SDKROOT = iphoneos;
				SWIFT_ACTIVE_COMPILATION_CONDITIONS = "DEBUG $(inherited)";
				SWIFT_OPTIMIZATION_LEVEL = "-Onone";
			};
			name = Debug;
		};
		C0906A202B7C79BD001D71FB /* Release */ = {
			isa = XCBuildConfiguration;
			buildSettings = {
				ALWAYS_SEARCH_USER_PATHS = NO;
				ASSETCATALOG_COMPILER_GENERATE_SWIFT_ASSET_SYMBOL_EXTENSIONS = YES;
				CLANG_ANALYZER_NONNULL = YES;
				CLANG_ANALYZER_NUMBER_OBJECT_CONVERSION = YES_AGGRESSIVE;
				CLANG_CXX_LANGUAGE_STANDARD = "gnu++20";
				CLANG_ENABLE_MODULES = YES;
				CLANG_ENABLE_OBJC_ARC = YES;
				CLANG_ENABLE_OBJC_WEAK = YES;
				CLANG_WARN_BLOCK_CAPTURE_AUTORELEASING = YES;
				CLANG_WARN_BOOL_CONVERSION = YES;
				CLANG_WARN_COMMA = YES;
				CLANG_WARN_CONSTANT_CONVERSION = YES;
				CLANG_WARN_DEPRECATED_OBJC_IMPLEMENTATIONS = YES;
				CLANG_WARN_DIRECT_OBJC_ISA_USAGE = YES_ERROR;
				CLANG_WARN_DOCUMENTATION_COMMENTS = YES;
				CLANG_WARN_EMPTY_BODY = YES;
				CLANG_WARN_ENUM_CONVERSION = YES;
				CLANG_WARN_INFINITE_RECURSION = YES;
				CLANG_WARN_INT_CONVERSION = YES;
				CLANG_WARN_NON_LITERAL_NULL_CONVERSION = YES;
				CLANG_WARN_OBJC_IMPLICIT_RETAIN_SELF = YES;
				CLANG_WARN_OBJC_LITERAL_CONVERSION = YES;
				CLANG_WARN_OBJC_ROOT_CLASS = YES_ERROR;
				CLANG_WARN_QUOTED_INCLUDE_IN_FRAMEWORK_HEADER = YES;
				CLANG_WARN_RANGE_LOOP_ANALYSIS = YES;
				CLANG_WARN_STRICT_PROTOTYPES = YES;
				CLANG_WARN_SUSPICIOUS_MOVE = YES;
				CLANG_WARN_UNGUARDED_AVAILABILITY = YES_AGGRESSIVE;
				CLANG_WARN_UNREACHABLE_CODE = YES;
				CLANG_WARN__DUPLICATE_METHOD_MATCH = YES;
				COPY_PHASE_STRIP = NO;
				DEBUG_INFORMATION_FORMAT = "dwarf-with-dsym";
				ENABLE_NS_ASSERTIONS = NO;
				ENABLE_STRICT_OBJC_MSGSEND = YES;
				ENABLE_USER_SCRIPT_SANDBOXING = YES;
				GCC_C_LANGUAGE_STANDARD = gnu17;
				GCC_NO_COMMON_BLOCKS = YES;
				GCC_WARN_64_TO_32_BIT_CONVERSION = YES;
				GCC_WARN_ABOUT_RETURN_TYPE = YES_ERROR;
				GCC_WARN_UNDECLARED_SELECTOR = YES;
				GCC_WARN_UNINITIALIZED_AUTOS = YES_AGGRESSIVE;
				GCC_WARN_UNUSED_FUNCTION = YES;
				GCC_WARN_UNUSED_VARIABLE = YES;
				IPHONEOS_DEPLOYMENT_TARGET = 17.2;
				LOCALIZATION_PREFERS_STRING_CATALOGS = YES;
				MTL_ENABLE_DEBUG_INFO = NO;
				MTL_FAST_MATH = YES;
				SDKROOT = iphoneos;
				SWIFT_COMPILATION_MODE = wholemodule;
				VALIDATE_PRODUCT = YES;
			};
			name = Release;
		};
		C0906A222B7C79BD001D71FB /* Debug */ = {
			isa = XCBuildConfiguration;
			buildSettings = {
				ASSETCATALOG_COMPILER_APPICON_NAME = AppIcon;
				ASSETCATALOG_COMPILER_GLOBAL_ACCENT_COLOR_NAME = AccentColor;
				CODE_SIGN_STYLE = Automatic;
				CURRENT_PROJECT_VERSION = 1;
				DEVELOPMENT_ASSET_PATHS = "\"SwiftUI_Basic_Part1/Preview Content\"";
				DEVELOPMENT_TEAM = Z225784MRD;
				ENABLE_PREVIEWS = YES;
				GENERATE_INFOPLIST_FILE = YES;
				INFOPLIST_KEY_UIApplicationSceneManifest_Generation = YES;
				INFOPLIST_KEY_UIApplicationSupportsIndirectInputEvents = YES;
				INFOPLIST_KEY_UILaunchScreen_Generation = YES;
				INFOPLIST_KEY_UISupportedInterfaceOrientations_iPad = "UIInterfaceOrientationPortrait UIInterfaceOrientationPortraitUpsideDown UIInterfaceOrientationLandscapeLeft UIInterfaceOrientationLandscapeRight";
				INFOPLIST_KEY_UISupportedInterfaceOrientations_iPhone = "UIInterfaceOrientationPortrait UIInterfaceOrientationLandscapeLeft UIInterfaceOrientationLandscapeRight";
				LD_RUNPATH_SEARCH_PATHS = (
					"$(inherited)",
					"@executable_path/Frameworks",
				);
				MARKETING_VERSION = 1.0;
				PRODUCT_BUNDLE_IDENTIFIER = "uikit.SwiftUI-Basic-Part1";
				PRODUCT_NAME = "$(TARGET_NAME)";
				SWIFT_EMIT_LOC_STRINGS = YES;
				SWIFT_VERSION = 5.0;
				TARGETED_DEVICE_FAMILY = "1,2";
			};
			name = Debug;
		};
		C0906A232B7C79BD001D71FB /* Release */ = {
			isa = XCBuildConfiguration;
			buildSettings = {
				ASSETCATALOG_COMPILER_APPICON_NAME = AppIcon;
				ASSETCATALOG_COMPILER_GLOBAL_ACCENT_COLOR_NAME = AccentColor;
				CODE_SIGN_STYLE = Automatic;
				CURRENT_PROJECT_VERSION = 1;
				DEVELOPMENT_ASSET_PATHS = "\"SwiftUI_Basic_Part1/Preview Content\"";
				DEVELOPMENT_TEAM = Z225784MRD;
				ENABLE_PREVIEWS = YES;
				GENERATE_INFOPLIST_FILE = YES;
				INFOPLIST_KEY_UIApplicationSceneManifest_Generation = YES;
				INFOPLIST_KEY_UIApplicationSupportsIndirectInputEvents = YES;
				INFOPLIST_KEY_UILaunchScreen_Generation = YES;
				INFOPLIST_KEY_UISupportedInterfaceOrientations_iPad = "UIInterfaceOrientationPortrait UIInterfaceOrientationPortraitUpsideDown UIInterfaceOrientationLandscapeLeft UIInterfaceOrientationLandscapeRight";
				INFOPLIST_KEY_UISupportedInterfaceOrientations_iPhone = "UIInterfaceOrientationPortrait UIInterfaceOrientationLandscapeLeft UIInterfaceOrientationLandscapeRight";
				LD_RUNPATH_SEARCH_PATHS = (
					"$(inherited)",
					"@executable_path/Frameworks",
				);
				MARKETING_VERSION = 1.0;
				PRODUCT_BUNDLE_IDENTIFIER = "uikit.SwiftUI-Basic-Part1";
				PRODUCT_NAME = "$(TARGET_NAME)";
				SWIFT_EMIT_LOC_STRINGS = YES;
				SWIFT_VERSION = 5.0;
				TARGETED_DEVICE_FAMILY = "1,2";
			};
			name = Release;
		};
		C0906A252B7C79BD001D71FB /* Debug */ = {
			isa = XCBuildConfiguration;
			buildSettings = {
				ALWAYS_EMBED_SWIFT_STANDARD_LIBRARIES = YES;
				BUNDLE_LOADER = "$(TEST_HOST)";
				CODE_SIGN_STYLE = Automatic;
				CURRENT_PROJECT_VERSION = 1;
				DEVELOPMENT_TEAM = Z225784MRD;
				GENERATE_INFOPLIST_FILE = YES;
				IPHONEOS_DEPLOYMENT_TARGET = 17.2;
				MARKETING_VERSION = 1.0;
				PRODUCT_BUNDLE_IDENTIFIER = "uikit.SwiftUI-Basic-Part1Tests";
				PRODUCT_NAME = "$(TARGET_NAME)";
				SWIFT_EMIT_LOC_STRINGS = NO;
				SWIFT_VERSION = 5.0;
				TARGETED_DEVICE_FAMILY = "1,2";
				TEST_HOST = "$(BUILT_PRODUCTS_DIR)/SwiftUI_Basic_Part1.app/$(BUNDLE_EXECUTABLE_FOLDER_PATH)/SwiftUI_Basic_Part1";
			};
			name = Debug;
		};
		C0906A262B7C79BD001D71FB /* Release */ = {
			isa = XCBuildConfiguration;
			buildSettings = {
				ALWAYS_EMBED_SWIFT_STANDARD_LIBRARIES = YES;
				BUNDLE_LOADER = "$(TEST_HOST)";
				CODE_SIGN_STYLE = Automatic;
				CURRENT_PROJECT_VERSION = 1;
				DEVELOPMENT_TEAM = Z225784MRD;
				GENERATE_INFOPLIST_FILE = YES;
				IPHONEOS_DEPLOYMENT_TARGET = 17.2;
				MARKETING_VERSION = 1.0;
				PRODUCT_BUNDLE_IDENTIFIER = "uikit.SwiftUI-Basic-Part1Tests";
				PRODUCT_NAME = "$(TARGET_NAME)";
				SWIFT_EMIT_LOC_STRINGS = NO;
				SWIFT_VERSION = 5.0;
				TARGETED_DEVICE_FAMILY = "1,2";
				TEST_HOST = "$(BUILT_PRODUCTS_DIR)/SwiftUI_Basic_Part1.app/$(BUNDLE_EXECUTABLE_FOLDER_PATH)/SwiftUI_Basic_Part1";
			};
			name = Release;
		};
		C0906A282B7C79BD001D71FB /* Debug */ = {
			isa = XCBuildConfiguration;
			buildSettings = {
				ALWAYS_EMBED_SWIFT_STANDARD_LIBRARIES = YES;
				CODE_SIGN_STYLE = Automatic;
				CURRENT_PROJECT_VERSION = 1;
				DEVELOPMENT_TEAM = Z225784MRD;
				GENERATE_INFOPLIST_FILE = YES;
				MARKETING_VERSION = 1.0;
				PRODUCT_BUNDLE_IDENTIFIER = "uikit.SwiftUI-Basic-Part1UITests";
				PRODUCT_NAME = "$(TARGET_NAME)";
				SWIFT_EMIT_LOC_STRINGS = NO;
				SWIFT_VERSION = 5.0;
				TARGETED_DEVICE_FAMILY = "1,2";
				TEST_TARGET_NAME = SwiftUI_Basic_Part1;
			};
			name = Debug;
		};
		C0906A292B7C79BD001D71FB /* Release */ = {
			isa = XCBuildConfiguration;
			buildSettings = {
				ALWAYS_EMBED_SWIFT_STANDARD_LIBRARIES = YES;
				CODE_SIGN_STYLE = Automatic;
				CURRENT_PROJECT_VERSION = 1;
				DEVELOPMENT_TEAM = Z225784MRD;
				GENERATE_INFOPLIST_FILE = YES;
				MARKETING_VERSION = 1.0;
				PRODUCT_BUNDLE_IDENTIFIER = "uikit.SwiftUI-Basic-Part1UITests";
				PRODUCT_NAME = "$(TARGET_NAME)";
				SWIFT_EMIT_LOC_STRINGS = NO;
				SWIFT_VERSION = 5.0;
				TARGETED_DEVICE_FAMILY = "1,2";
				TEST_TARGET_NAME = SwiftUI_Basic_Part1;
			};
			name = Release;
		};
/* End XCBuildConfiguration section */

/* Begin XCConfigurationList section */
		C09069F82B7C79BB001D71FB /* Build configuration list for PBXProject "SwiftUI_Basic_Part1" */ = {
			isa = XCConfigurationList;
			buildConfigurations = (
				C0906A1F2B7C79BD001D71FB /* Debug */,
				C0906A202B7C79BD001D71FB /* Release */,
			);
			defaultConfigurationIsVisible = 0;
			defaultConfigurationName = Release;
		};
		C0906A212B7C79BD001D71FB /* Build configuration list for PBXNativeTarget "SwiftUI_Basic_Part1" */ = {
			isa = XCConfigurationList;
			buildConfigurations = (
				C0906A222B7C79BD001D71FB /* Debug */,
				C0906A232B7C79BD001D71FB /* Release */,
			);
			defaultConfigurationIsVisible = 0;
			defaultConfigurationName = Release;
		};
		C0906A242B7C79BD001D71FB /* Build configuration list for PBXNativeTarget "SwiftUI_Basic_Part1Tests" */ = {
			isa = XCConfigurationList;
			buildConfigurations = (
				C0906A252B7C79BD001D71FB /* Debug */,
				C0906A262B7C79BD001D71FB /* Release */,
			);
			defaultConfigurationIsVisible = 0;
			defaultConfigurationName = Release;
		};
		C0906A272B7C79BD001D71FB /* Build configuration list for PBXNativeTarget "SwiftUI_Basic_Part1UITests" */ = {
			isa = XCConfigurationList;
			buildConfigurations = (
				C0906A282B7C79BD001D71FB /* Debug */,
				C0906A292B7C79BD001D71FB /* Release */,
			);
			defaultConfigurationIsVisible = 0;
			defaultConfigurationName = Release;
		};
/* End XCConfigurationList section */
	};
	rootObject = C09069F52B7C79BB001D71FB /* Project object */;
}
