// !$*UTF8*$!
{
	archiveVersion = 1;
	classes = {
	};
	objectVersion = 56;
	objects = {

/* Begin PBXBuildFile section */
		C01DD16A2B6B2ED700BE0F18 /* ShapesBootcamp.swift in Sources */ = {isa = PBXBuildFile; fileRef = C01DD1692B6B2ED700BE0F18 /* ShapesBootcamp.swift */; };
		C01DD16C2B6B341100BE0F18 /* ColorsBootcamp.swift in Sources */ = {isa = PBXBuildFile; fileRef = C01DD16B2B6B341100BE0F18 /* ColorsBootcamp.swift */; };
		C01DD16E2B6B413900BE0F18 /* GradientsBootcamp.swift in Sources */ = {isa = PBXBuildFile; fileRef = C01DD16D2B6B413900BE0F18 /* GradientsBootcamp.swift */; };
		C0C63F872B68F19F00771E55 /* SwiftUIBootcamp_BeginnerLevel_App.swift in Sources */ = {isa = PBXBuildFile; fileRef = C0C63F862B68F19F00771E55 /* SwiftUIBootcamp_BeginnerLevel_App.swift */; };
		C0C63F892B68F19F00771E55 /* ContentView.swift in Sources */ = {isa = PBXBuildFile; fileRef = C0C63F882B68F19F00771E55 /* ContentView.swift */; };
		C0C63F8B2B68F1A100771E55 /* Assets.xcassets in Resources */ = {isa = PBXBuildFile; fileRef = C0C63F8A2B68F1A100771E55 /* Assets.xcassets */; };
		C0C63F8E2B68F1A100771E55 /* Preview Assets.xcassets in Resources */ = {isa = PBXBuildFile; fileRef = C0C63F8D2B68F1A100771E55 /* Preview Assets.xcassets */; };
		C0C63F982B68F1A100771E55 /* SwiftUIBootcamp_BeginnerLevel_Tests.swift in Sources */ = {isa = PBXBuildFile; fileRef = C0C63F972B68F1A100771E55 /* SwiftUIBootcamp_BeginnerLevel_Tests.swift */; };
		C0C63FA22B68F1A100771E55 /* SwiftUIBootcamp_BeginnerLevel_UITests.swift in Sources */ = {isa = PBXBuildFile; fileRef = C0C63FA12B68F1A100771E55 /* SwiftUIBootcamp_BeginnerLevel_UITests.swift */; };
		C0C63FA42B68F1A100771E55 /* SwiftUIBootcamp_BeginnerLevel_UITestsLaunchTests.swift in Sources */ = {isa = PBXBuildFile; fileRef = C0C63FA32B68F1A100771E55 /* SwiftUIBootcamp_BeginnerLevel_UITestsLaunchTests.swift */; };
/* End PBXBuildFile section */

/* Begin PBXContainerItemProxy section */
		C0C63F942B68F1A100771E55 /* PBXContainerItemProxy */ = {
			isa = PBXContainerItemProxy;
			containerPortal = C0C63F7B2B68F19F00771E55 /* Project object */;
			proxyType = 1;
			remoteGlobalIDString = C0C63F822B68F19F00771E55;
			remoteInfo = "SwiftUIBootcamp(BeginnerLevel)";
		};
		C0C63F9E2B68F1A100771E55 /* PBXContainerItemProxy */ = {
			isa = PBXContainerItemProxy;
			containerPortal = C0C63F7B2B68F19F00771E55 /* Project object */;
			proxyType = 1;
			remoteGlobalIDString = C0C63F822B68F19F00771E55;
			remoteInfo = "SwiftUIBootcamp(BeginnerLevel)";
		};
/* End PBXContainerItemProxy section */

/* Begin PBXFileReference section */
		C01DD1692B6B2ED700BE0F18 /* ShapesBootcamp.swift */ = {isa = PBXFileReference; lastKnownFileType = sourcecode.swift; path = ShapesBootcamp.swift; sourceTree = "<group>"; };
		C01DD16B2B6B341100BE0F18 /* ColorsBootcamp.swift */ = {isa = PBXFileReference; lastKnownFileType = sourcecode.swift; path = ColorsBootcamp.swift; sourceTree = "<group>"; };
		C01DD16D2B6B413900BE0F18 /* GradientsBootcamp.swift */ = {isa = PBXFileReference; lastKnownFileType = sourcecode.swift; path = GradientsBootcamp.swift; sourceTree = "<group>"; };
		C0C63F832B68F19F00771E55 /* SwiftUIBootcamp(BeginnerLevel).app */ = {isa = PBXFileReference; explicitFileType = wrapper.application; includeInIndex = 0; path = "SwiftUIBootcamp(BeginnerLevel).app"; sourceTree = BUILT_PRODUCTS_DIR; };
		C0C63F862B68F19F00771E55 /* SwiftUIBootcamp_BeginnerLevel_App.swift */ = {isa = PBXFileReference; lastKnownFileType = sourcecode.swift; path = SwiftUIBootcamp_BeginnerLevel_App.swift; sourceTree = "<group>"; };
		C0C63F882B68F19F00771E55 /* ContentView.swift */ = {isa = PBXFileReference; lastKnownFileType = sourcecode.swift; path = ContentView.swift; sourceTree = "<group>"; };
		C0C63F8A2B68F1A100771E55 /* Assets.xcassets */ = {isa = PBXFileReference; lastKnownFileType = folder.assetcatalog; path = Assets.xcassets; sourceTree = "<group>"; };
		C0C63F8D2B68F1A100771E55 /* Preview Assets.xcassets */ = {isa = PBXFileReference; lastKnownFileType = folder.assetcatalog; path = "Preview Assets.xcassets"; sourceTree = "<group>"; };
		C0C63F932B68F1A100771E55 /* SwiftUIBootcamp(BeginnerLevel)Tests.xctest */ = {isa = PBXFileReference; explicitFileType = wrapper.cfbundle; includeInIndex = 0; path = "SwiftUIBootcamp(BeginnerLevel)Tests.xctest"; sourceTree = BUILT_PRODUCTS_DIR; };
		C0C63F972B68F1A100771E55 /* SwiftUIBootcamp_BeginnerLevel_Tests.swift */ = {isa = PBXFileReference; lastKnownFileType = sourcecode.swift; path = SwiftUIBootcamp_BeginnerLevel_Tests.swift; sourceTree = "<group>"; };
		C0C63F9D2B68F1A100771E55 /* SwiftUIBootcamp(BeginnerLevel)UITests.xctest */ = {isa = PBXFileReference; explicitFileType = wrapper.cfbundle; includeInIndex = 0; path = "SwiftUIBootcamp(BeginnerLevel)UITests.xctest"; sourceTree = BUILT_PRODUCTS_DIR; };
		C0C63FA12B68F1A100771E55 /* SwiftUIBootcamp_BeginnerLevel_UITests.swift */ = {isa = PBXFileReference; lastKnownFileType = sourcecode.swift; path = SwiftUIBootcamp_BeginnerLevel_UITests.swift; sourceTree = "<group>"; };
		C0C63FA32B68F1A100771E55 /* SwiftUIBootcamp_BeginnerLevel_UITestsLaunchTests.swift */ = {isa = PBXFileReference; lastKnownFileType = sourcecode.swift; path = SwiftUIBootcamp_BeginnerLevel_UITestsLaunchTests.swift; sourceTree = "<group>"; };
/* End PBXFileReference section */

/* Begin PBXFrameworksBuildPhase section */
		C0C63F802B68F19F00771E55 /* Frameworks */ = {
			isa = PBXFrameworksBuildPhase;
			buildActionMask = 2147483647;
			files = (
			);
			runOnlyForDeploymentPostprocessing = 0;
		};
		C0C63F902B68F1A100771E55 /* Frameworks */ = {
			isa = PBXFrameworksBuildPhase;
			buildActionMask = 2147483647;
			files = (
			);
			runOnlyForDeploymentPostprocessing = 0;
		};
		C0C63F9A2B68F1A100771E55 /* Frameworks */ = {
			isa = PBXFrameworksBuildPhase;
			buildActionMask = 2147483647;
			files = (
			);
			runOnlyForDeploymentPostprocessing = 0;
		};
/* End PBXFrameworksBuildPhase section */

/* Begin PBXGroup section */
		C0C63F7A2B68F19F00771E55 = {
			isa = PBXGroup;
			children = (
				C0C63F852B68F19F00771E55 /* SwiftUIBootcamp(BeginnerLevel) */,
				C0C63F962B68F1A100771E55 /* SwiftUIBootcamp(BeginnerLevel)Tests */,
				C0C63FA02B68F1A100771E55 /* SwiftUIBootcamp(BeginnerLevel)UITests */,
				C0C63F842B68F19F00771E55 /* Products */,
			);
			sourceTree = "<group>";
		};
		C0C63F842B68F19F00771E55 /* Products */ = {
			isa = PBXGroup;
			children = (
				C0C63F832B68F19F00771E55 /* SwiftUIBootcamp(BeginnerLevel).app */,
				C0C63F932B68F1A100771E55 /* SwiftUIBootcamp(BeginnerLevel)Tests.xctest */,
				C0C63F9D2B68F1A100771E55 /* SwiftUIBootcamp(BeginnerLevel)UITests.xctest */,
			);
			name = Products;
			sourceTree = "<group>";
		};
		C0C63F852B68F19F00771E55 /* SwiftUIBootcamp(BeginnerLevel) */ = {
			isa = PBXGroup;
			children = (
				C0C63F862B68F19F00771E55 /* SwiftUIBootcamp_BeginnerLevel_App.swift */,
				C01DD16D2B6B413900BE0F18 /* GradientsBootcamp.swift */,
				C0C63F882B68F19F00771E55 /* ContentView.swift */,
				C0C63F8A2B68F1A100771E55 /* Assets.xcassets */,
				C0C63F8C2B68F1A100771E55 /* Preview Content */,
				C01DD1692B6B2ED700BE0F18 /* ShapesBootcamp.swift */,
				C01DD16B2B6B341100BE0F18 /* ColorsBootcamp.swift */,
			);
			path = "SwiftUIBootcamp(BeginnerLevel)";
			sourceTree = "<group>";
		};
		C0C63F8C2B68F1A100771E55 /* Preview Content */ = {
			isa = PBXGroup;
			children = (
				C0C63F8D2B68F1A100771E55 /* Preview Assets.xcassets */,
			);
			path = "Preview Content";
			sourceTree = "<group>";
		};
		C0C63F962B68F1A100771E55 /* SwiftUIBootcamp(BeginnerLevel)Tests */ = {
			isa = PBXGroup;
			children = (
				C0C63F972B68F1A100771E55 /* SwiftUIBootcamp_BeginnerLevel_Tests.swift */,
			);
			path = "SwiftUIBootcamp(BeginnerLevel)Tests";
			sourceTree = "<group>";
		};
		C0C63FA02B68F1A100771E55 /* SwiftUIBootcamp(BeginnerLevel)UITests */ = {
			isa = PBXGroup;
			children = (
				C0C63FA12B68F1A100771E55 /* SwiftUIBootcamp_BeginnerLevel_UITests.swift */,
				C0C63FA32B68F1A100771E55 /* SwiftUIBootcamp_BeginnerLevel_UITestsLaunchTests.swift */,
			);
			path = "SwiftUIBootcamp(BeginnerLevel)UITests";
			sourceTree = "<group>";
		};
/* End PBXGroup section */

/* Begin PBXNativeTarget section */
		C0C63F822B68F19F00771E55 /* SwiftUIBootcamp(BeginnerLevel) */ = {
			isa = PBXNativeTarget;
			buildConfigurationList = C0C63FA72B68F1A100771E55 /* Build configuration list for PBXNativeTarget "SwiftUIBootcamp(BeginnerLevel)" */;
			buildPhases = (
				C0C63F7F2B68F19F00771E55 /* Sources */,
				C0C63F802B68F19F00771E55 /* Frameworks */,
				C0C63F812B68F19F00771E55 /* Resources */,
			);
			buildRules = (
			);
			dependencies = (
			);
			name = "SwiftUIBootcamp(BeginnerLevel)";
			productName = "SwiftUIBootcamp(BeginnerLevel)";
			productReference = C0C63F832B68F19F00771E55 /* SwiftUIBootcamp(BeginnerLevel).app */;
			productType = "com.apple.product-type.application";
		};
		C0C63F922B68F1A100771E55 /* SwiftUIBootcamp(BeginnerLevel)Tests */ = {
			isa = PBXNativeTarget;
			buildConfigurationList = C0C63FAA2B68F1A100771E55 /* Build configuration list for PBXNativeTarget "SwiftUIBootcamp(BeginnerLevel)Tests" */;
			buildPhases = (
				C0C63F8F2B68F1A100771E55 /* Sources */,
				C0C63F902B68F1A100771E55 /* Frameworks */,
				C0C63F912B68F1A100771E55 /* Resources */,
			);
			buildRules = (
			);
			dependencies = (
				C0C63F952B68F1A100771E55 /* PBXTargetDependency */,
			);
			name = "SwiftUIBootcamp(BeginnerLevel)Tests";
			productName = "SwiftUIBootcamp(BeginnerLevel)Tests";
			productReference = C0C63F932B68F1A100771E55 /* SwiftUIBootcamp(BeginnerLevel)Tests.xctest */;
			productType = "com.apple.product-type.bundle.unit-test";
		};
		C0C63F9C2B68F1A100771E55 /* SwiftUIBootcamp(BeginnerLevel)UITests */ = {
			isa = PBXNativeTarget;
			buildConfigurationList = C0C63FAD2B68F1A100771E55 /* Build configuration list for PBXNativeTarget "SwiftUIBootcamp(BeginnerLevel)UITests" */;
			buildPhases = (
				C0C63F992B68F1A100771E55 /* Sources */,
				C0C63F9A2B68F1A100771E55 /* Frameworks */,
				C0C63F9B2B68F1A100771E55 /* Resources */,
			);
			buildRules = (
			);
			dependencies = (
				C0C63F9F2B68F1A100771E55 /* PBXTargetDependency */,
			);
			name = "SwiftUIBootcamp(BeginnerLevel)UITests";
			productName = "SwiftUIBootcamp(BeginnerLevel)UITests";
			productReference = C0C63F9D2B68F1A100771E55 /* SwiftUIBootcamp(BeginnerLevel)UITests.xctest */;
			productType = "com.apple.product-type.bundle.ui-testing";
		};
/* End PBXNativeTarget section */

/* Begin PBXProject section */
		C0C63F7B2B68F19F00771E55 /* Project object */ = {
			isa = PBXProject;
			attributes = {
				BuildIndependentTargetsInParallel = 1;
				LastSwiftUpdateCheck = 1520;
				LastUpgradeCheck = 1520;
				TargetAttributes = {
					C0C63F822B68F19F00771E55 = {
						CreatedOnToolsVersion = 15.2;
					};
					C0C63F922B68F1A100771E55 = {
						CreatedOnToolsVersion = 15.2;
						TestTargetID = C0C63F822B68F19F00771E55;
					};
					C0C63F9C2B68F1A100771E55 = {
						CreatedOnToolsVersion = 15.2;
						TestTargetID = C0C63F822B68F19F00771E55;
					};
				};
			};
			buildConfigurationList = C0C63F7E2B68F19F00771E55 /* Build configuration list for PBXProject "SwiftUIBootcamp(BeginnerLevel)" */;
			compatibilityVersion = "Xcode 14.0";
			developmentRegion = en;
			hasScannedForEncodings = 0;
			knownRegions = (
				en,
				Base,
			);
			mainGroup = C0C63F7A2B68F19F00771E55;
			productRefGroup = C0C63F842B68F19F00771E55 /* Products */;
			projectDirPath = "";
			projectRoot = "";
			targets = (
				C0C63F822B68F19F00771E55 /* SwiftUIBootcamp(BeginnerLevel) */,
				C0C63F922B68F1A100771E55 /* SwiftUIBootcamp(BeginnerLevel)Tests */,
				C0C63F9C2B68F1A100771E55 /* SwiftUIBootcamp(BeginnerLevel)UITests */,
			);
		};
/* End PBXProject section */

/* Begin PBXResourcesBuildPhase section */
		C0C63F812B68F19F00771E55 /* Resources */ = {
			isa = PBXResourcesBuildPhase;
			buildActionMask = 2147483647;
			files = (
				C0C63F8E2B68F1A100771E55 /* Preview Assets.xcassets in Resources */,
				C0C63F8B2B68F1A100771E55 /* Assets.xcassets in Resources */,
			);
			runOnlyForDeploymentPostprocessing = 0;
		};
		C0C63F912B68F1A100771E55 /* Resources */ = {
			isa = PBXResourcesBuildPhase;
			buildActionMask = 2147483647;
			files = (
			);
			runOnlyForDeploymentPostprocessing = 0;
		};
		C0C63F9B2B68F1A100771E55 /* Resources */ = {
			isa = PBXResourcesBuildPhase;
			buildActionMask = 2147483647;
			files = (
			);
			runOnlyForDeploymentPostprocessing = 0;
		};
/* End PBXResourcesBuildPhase section */

/* Begin PBXSourcesBuildPhase section */
		C0C63F7F2B68F19F00771E55 /* Sources */ = {
			isa = PBXSourcesBuildPhase;
			buildActionMask = 2147483647;
			files = (
				C01DD16E2B6B413900BE0F18 /* GradientsBootcamp.swift in Sources */,
				C0C63F892B68F19F00771E55 /* ContentView.swift in Sources */,
				C01DD16A2B6B2ED700BE0F18 /* ShapesBootcamp.swift in Sources */,
				C01DD16C2B6B341100BE0F18 /* ColorsBootcamp.swift in Sources */,
				C0C63F872B68F19F00771E55 /* SwiftUIBootcamp_BeginnerLevel_App.swift in Sources */,
			);
			runOnlyForDeploymentPostprocessing = 0;
		};
		C0C63F8F2B68F1A100771E55 /* Sources */ = {
			isa = PBXSourcesBuildPhase;
			buildActionMask = 2147483647;
			files = (
				C0C63F982B68F1A100771E55 /* SwiftUIBootcamp_BeginnerLevel_Tests.swift in Sources */,
			);
			runOnlyForDeploymentPostprocessing = 0;
		};
		C0C63F992B68F1A100771E55 /* Sources */ = {
			isa = PBXSourcesBuildPhase;
			buildActionMask = 2147483647;
			files = (
				C0C63FA42B68F1A100771E55 /* SwiftUIBootcamp_BeginnerLevel_UITestsLaunchTests.swift in Sources */,
				C0C63FA22B68F1A100771E55 /* SwiftUIBootcamp_BeginnerLevel_UITests.swift in Sources */,
			);
			runOnlyForDeploymentPostprocessing = 0;
		};
/* End PBXSourcesBuildPhase section */

/* Begin PBXTargetDependency section */
		C0C63F952B68F1A100771E55 /* PBXTargetDependency */ = {
			isa = PBXTargetDependency;
			target = C0C63F822B68F19F00771E55 /* SwiftUIBootcamp(BeginnerLevel) */;
			targetProxy = C0C63F942B68F1A100771E55 /* PBXContainerItemProxy */;
		};
		C0C63F9F2B68F1A100771E55 /* PBXTargetDependency */ = {
			isa = PBXTargetDependency;
			target = C0C63F822B68F19F00771E55 /* SwiftUIBootcamp(BeginnerLevel) */;
			targetProxy = C0C63F9E2B68F1A100771E55 /* PBXContainerItemProxy */;
		};
/* End PBXTargetDependency section */

/* Begin XCBuildConfiguration section */
		C0C63FA52B68F1A100771E55 /* Debug */ = {
			isa = XCBuildConfiguration;
			buildSettings = {
				ALWAYS_SEARCH_USER_PATHS = NO;
				ASSETCATALOG_COMPILER_GENERATE_SWIFT_ASSET_SYMBOL_EXTENSIONS = YES;
				CLANG_ANALYZER_NONNULL = YES;
				CLANG_ANALYZER_NUMBER_OBJECT_CONVERSION = YES_AGGRESSIVE;
				CLANG_CXX_LANGUAGE_STANDARD = "gnu++20";
				CLANG_ENABLE_MODULES = YES;
				CLANG_ENABLE_OBJC_ARC = YES;
				CLANG_ENABLE_OBJC_WEAK = YES;
				CLANG_WARN_BLOCK_CAPTURE_AUTORELEASING = YES;
				CLANG_WARN_BOOL_CONVERSION = YES;
				CLANG_WARN_COMMA = YES;
				CLANG_WARN_CONSTANT_CONVERSION = YES;
				CLANG_WARN_DEPRECATED_OBJC_IMPLEMENTATIONS = YES;
				CLANG_WARN_DIRECT_OBJC_ISA_USAGE = YES_ERROR;
				CLANG_WARN_DOCUMENTATION_COMMENTS = YES;
				CLANG_WARN_EMPTY_BODY = YES;
				CLANG_WARN_ENUM_CONVERSION = YES;
				CLANG_WARN_INFINITE_RECURSION = YES;
				CLANG_WARN_INT_CONVERSION = YES;
				CLANG_WARN_NON_LITERAL_NULL_CONVERSION = YES;
				CLANG_WARN_OBJC_IMPLICIT_RETAIN_SELF = YES;
				CLANG_WARN_OBJC_LITERAL_CONVERSION = YES;
				CLANG_WARN_OBJC_ROOT_CLASS = YES_ERROR;
				CLANG_WARN_QUOTED_INCLUDE_IN_FRAMEWORK_HEADER = YES;
				CLANG_WARN_RANGE_LOOP_ANALYSIS = YES;
				CLANG_WARN_STRICT_PROTOTYPES = YES;
				CLANG_WARN_SUSPICIOUS_MOVE = YES;
				CLANG_WARN_UNGUARDED_AVAILABILITY = YES_AGGRESSIVE;
				CLANG_WARN_UNREACHABLE_CODE = YES;
				CLANG_WARN__DUPLICATE_METHOD_MATCH = YES;
				COPY_PHASE_STRIP = NO;
				DEBUG_INFORMATION_FORMAT = dwarf;
				ENABLE_STRICT_OBJC_MSGSEND = YES;
				ENABLE_TESTABILITY = YES;
				ENABLE_USER_SCRIPT_SANDBOXING = YES;
				GCC_C_LANGUAGE_STANDARD = gnu17;
				GCC_DYNAMIC_NO_PIC = NO;
				GCC_NO_COMMON_BLOCKS = YES;
				GCC_OPTIMIZATION_LEVEL = 0;
				GCC_PREPROCESSOR_DEFINITIONS = (
					"DEBUG=1",
					"$(inherited)",
				);
				GCC_WARN_64_TO_32_BIT_CONVERSION = YES;
				GCC_WARN_ABOUT_RETURN_TYPE = YES_ERROR;
				GCC_WARN_UNDECLARED_SELECTOR = YES;
				GCC_WARN_UNINITIALIZED_AUTOS = YES_AGGRESSIVE;
				GCC_WARN_UNUSED_FUNCTION = YES;
				GCC_WARN_UNUSED_VARIABLE = YES;
				IPHONEOS_DEPLOYMENT_TARGET = 17.2;
				LOCALIZATION_PREFERS_STRING_CATALOGS = YES;
				MTL_ENABLE_DEBUG_INFO = INCLUDE_SOURCE;
				MTL_FAST_MATH = YES;
				ONLY_ACTIVE_ARCH = YES;
				SDKROOT = iphoneos;
				SWIFT_ACTIVE_COMPILATION_CONDITIONS = "DEBUG $(inherited)";
				SWIFT_OPTIMIZATION_LEVEL = "-Onone";
			};
			name = Debug;
		};
		C0C63FA62B68F1A100771E55 /* Release */ = {
			isa = XCBuildConfiguration;
			buildSettings = {
				ALWAYS_SEARCH_USER_PATHS = NO;
				ASSETCATALOG_COMPILER_GENERATE_SWIFT_ASSET_SYMBOL_EXTENSIONS = YES;
				CLANG_ANALYZER_NONNULL = YES;
				CLANG_ANALYZER_NUMBER_OBJECT_CONVERSION = YES_AGGRESSIVE;
				CLANG_CXX_LANGUAGE_STANDARD = "gnu++20";
				CLANG_ENABLE_MODULES = YES;
				CLANG_ENABLE_OBJC_ARC = YES;
				CLANG_ENABLE_OBJC_WEAK = YES;
				CLANG_WARN_BLOCK_CAPTURE_AUTORELEASING = YES;
				CLANG_WARN_BOOL_CONVERSION = YES;
				CLANG_WARN_COMMA = YES;
				CLANG_WARN_CONSTANT_CONVERSION = YES;
				CLANG_WARN_DEPRECATED_OBJC_IMPLEMENTATIONS = YES;
				CLANG_WARN_DIRECT_OBJC_ISA_USAGE = YES_ERROR;
				CLANG_WARN_DOCUMENTATION_COMMENTS = YES;
				CLANG_WARN_EMPTY_BODY = YES;
				CLANG_WARN_ENUM_CONVERSION = YES;
				CLANG_WARN_INFINITE_RECURSION = YES;
				CLANG_WARN_INT_CONVERSION = YES;
				CLANG_WARN_NON_LITERAL_NULL_CONVERSION = YES;
				CLANG_WARN_OBJC_IMPLICIT_RETAIN_SELF = YES;
				CLANG_WARN_OBJC_LITERAL_CONVERSION = YES;
				CLANG_WARN_OBJC_ROOT_CLASS = YES_ERROR;
				CLANG_WARN_QUOTED_INCLUDE_IN_FRAMEWORK_HEADER = YES;
				CLANG_WARN_RANGE_LOOP_ANALYSIS = YES;
				CLANG_WARN_STRICT_PROTOTYPES = YES;
				CLANG_WARN_SUSPICIOUS_MOVE = YES;
				CLANG_WARN_UNGUARDED_AVAILABILITY = YES_AGGRESSIVE;
				CLANG_WARN_UNREACHABLE_CODE = YES;
				CLANG_WARN__DUPLICATE_METHOD_MATCH = YES;
				COPY_PHASE_STRIP = NO;
				DEBUG_INFORMATION_FORMAT = "dwarf-with-dsym";
				ENABLE_NS_ASSERTIONS = NO;
				ENABLE_STRICT_OBJC_MSGSEND = YES;
				ENABLE_USER_SCRIPT_SANDBOXING = YES;
				GCC_C_LANGUAGE_STANDARD = gnu17;
				GCC_NO_COMMON_BLOCKS = YES;
				GCC_WARN_64_TO_32_BIT_CONVERSION = YES;
				GCC_WARN_ABOUT_RETURN_TYPE = YES_ERROR;
				GCC_WARN_UNDECLARED_SELECTOR = YES;
				GCC_WARN_UNINITIALIZED_AUTOS = YES_AGGRESSIVE;
				GCC_WARN_UNUSED_FUNCTION = YES;
				GCC_WARN_UNUSED_VARIABLE = YES;
				IPHONEOS_DEPLOYMENT_TARGET = 17.2;
				LOCALIZATION_PREFERS_STRING_CATALOGS = YES;
				MTL_ENABLE_DEBUG_INFO = NO;
				MTL_FAST_MATH = YES;
				SDKROOT = iphoneos;
				SWIFT_COMPILATION_MODE = wholemodule;
				VALIDATE_PRODUCT = YES;
			};
			name = Release;
		};
		C0C63FA82B68F1A100771E55 /* Debug */ = {
			isa = XCBuildConfiguration;
			buildSettings = {
				ASSETCATALOG_COMPILER_APPICON_NAME = AppIcon;
				ASSETCATALOG_COMPILER_GLOBAL_ACCENT_COLOR_NAME = AccentColor;
				CODE_SIGN_STYLE = Automatic;
				CURRENT_PROJECT_VERSION = 1;
				DEVELOPMENT_ASSET_PATHS = "\"SwiftUIBootcamp(BeginnerLevel)/Preview Content\"";
				DEVELOPMENT_TEAM = Z225784MRD;
				ENABLE_PREVIEWS = YES;
				GENERATE_INFOPLIST_FILE = YES;
				INFOPLIST_KEY_UIApplicationSceneManifest_Generation = YES;
				INFOPLIST_KEY_UIApplicationSupportsIndirectInputEvents = YES;
				INFOPLIST_KEY_UILaunchScreen_Generation = YES;
				INFOPLIST_KEY_UISupportedInterfaceOrientations_iPad = "UIInterfaceOrientationPortrait UIInterfaceOrientationPortraitUpsideDown UIInterfaceOrientationLandscapeLeft UIInterfaceOrientationLandscapeRight";
				INFOPLIST_KEY_UISupportedInterfaceOrientations_iPhone = "UIInterfaceOrientationPortrait UIInterfaceOrientationLandscapeLeft UIInterfaceOrientationLandscapeRight";
				LD_RUNPATH_SEARCH_PATHS = (
					"$(inherited)",
					"@executable_path/Frameworks",
				);
				MARKETING_VERSION = 1.0;
				PRODUCT_BUNDLE_IDENTIFIER = "uikit.SwiftUIBootcamp-BeginnerLevel-";
				PRODUCT_NAME = "$(TARGET_NAME)";
				SWIFT_EMIT_LOC_STRINGS = YES;
				SWIFT_VERSION = 5.0;
				TARGETED_DEVICE_FAMILY = "1,2";
			};
			name = Debug;
		};
		C0C63FA92B68F1A100771E55 /* Release */ = {
			isa = XCBuildConfiguration;
			buildSettings = {
				ASSETCATALOG_COMPILER_APPICON_NAME = AppIcon;
				ASSETCATALOG_COMPILER_GLOBAL_ACCENT_COLOR_NAME = AccentColor;
				CODE_SIGN_STYLE = Automatic;
				CURRENT_PROJECT_VERSION = 1;
				DEVELOPMENT_ASSET_PATHS = "\"SwiftUIBootcamp(BeginnerLevel)/Preview Content\"";
				DEVELOPMENT_TEAM = Z225784MRD;
				ENABLE_PREVIEWS = YES;
				GENERATE_INFOPLIST_FILE = YES;
				INFOPLIST_KEY_UIApplicationSceneManifest_Generation = YES;
				INFOPLIST_KEY_UIApplicationSupportsIndirectInputEvents = YES;
				INFOPLIST_KEY_UILaunchScreen_Generation = YES;
				INFOPLIST_KEY_UISupportedInterfaceOrientations_iPad = "UIInterfaceOrientationPortrait UIInterfaceOrientationPortraitUpsideDown UIInterfaceOrientationLandscapeLeft UIInterfaceOrientationLandscapeRight";
				INFOPLIST_KEY_UISupportedInterfaceOrientations_iPhone = "UIInterfaceOrientationPortrait UIInterfaceOrientationLandscapeLeft UIInterfaceOrientationLandscapeRight";
				LD_RUNPATH_SEARCH_PATHS = (
					"$(inherited)",
					"@executable_path/Frameworks",
				);
				MARKETING_VERSION = 1.0;
				PRODUCT_BUNDLE_IDENTIFIER = "uikit.SwiftUIBootcamp-BeginnerLevel-";
				PRODUCT_NAME = "$(TARGET_NAME)";
				SWIFT_EMIT_LOC_STRINGS = YES;
				SWIFT_VERSION = 5.0;
				TARGETED_DEVICE_FAMILY = "1,2";
			};
			name = Release;
		};
		C0C63FAB2B68F1A100771E55 /* Debug */ = {
			isa = XCBuildConfiguration;
			buildSettings = {
				ALWAYS_EMBED_SWIFT_STANDARD_LIBRARIES = YES;
				BUNDLE_LOADER = "$(TEST_HOST)";
				CODE_SIGN_STYLE = Automatic;
				CURRENT_PROJECT_VERSION = 1;
				DEVELOPMENT_TEAM = Z225784MRD;
				GENERATE_INFOPLIST_FILE = YES;
				IPHONEOS_DEPLOYMENT_TARGET = 17.2;
				MARKETING_VERSION = 1.0;
				PRODUCT_BUNDLE_IDENTIFIER = "uikit.SwiftUIBootcamp-BeginnerLevel-Tests";
				PRODUCT_NAME = "$(TARGET_NAME)";
				SWIFT_EMIT_LOC_STRINGS = NO;
				SWIFT_VERSION = 5.0;
				TARGETED_DEVICE_FAMILY = "1,2";
				TEST_HOST = "$(BUILT_PRODUCTS_DIR)/SwiftUIBootcamp(BeginnerLevel).app/$(BUNDLE_EXECUTABLE_FOLDER_PATH)/SwiftUIBootcamp(BeginnerLevel)";
			};
			name = Debug;
		};
		C0C63FAC2B68F1A100771E55 /* Release */ = {
			isa = XCBuildConfiguration;
			buildSettings = {
				ALWAYS_EMBED_SWIFT_STANDARD_LIBRARIES = YES;
				BUNDLE_LOADER = "$(TEST_HOST)";
				CODE_SIGN_STYLE = Automatic;
				CURRENT_PROJECT_VERSION = 1;
				DEVELOPMENT_TEAM = Z225784MRD;
				GENERATE_INFOPLIST_FILE = YES;
				IPHONEOS_DEPLOYMENT_TARGET = 17.2;
				MARKETING_VERSION = 1.0;
				PRODUCT_BUNDLE_IDENTIFIER = "uikit.SwiftUIBootcamp-BeginnerLevel-Tests";
				PRODUCT_NAME = "$(TARGET_NAME)";
				SWIFT_EMIT_LOC_STRINGS = NO;
				SWIFT_VERSION = 5.0;
				TARGETED_DEVICE_FAMILY = "1,2";
				TEST_HOST = "$(BUILT_PRODUCTS_DIR)/SwiftUIBootcamp(BeginnerLevel).app/$(BUNDLE_EXECUTABLE_FOLDER_PATH)/SwiftUIBootcamp(BeginnerLevel)";
			};
			name = Release;
		};
		C0C63FAE2B68F1A100771E55 /* Debug */ = {
			isa = XCBuildConfiguration;
			buildSettings = {
				ALWAYS_EMBED_SWIFT_STANDARD_LIBRARIES = YES;
				CODE_SIGN_STYLE = Automatic;
				CURRENT_PROJECT_VERSION = 1;
				DEVELOPMENT_TEAM = Z225784MRD;
				GENERATE_INFOPLIST_FILE = YES;
				MARKETING_VERSION = 1.0;
				PRODUCT_BUNDLE_IDENTIFIER = "uikit.SwiftUIBootcamp-BeginnerLevel-UITests";
				PRODUCT_NAME = "$(TARGET_NAME)";
				SWIFT_EMIT_LOC_STRINGS = NO;
				SWIFT_VERSION = 5.0;
				TARGETED_DEVICE_FAMILY = "1,2";
				TEST_TARGET_NAME = "SwiftUIBootcamp(BeginnerLevel)";
			};
			name = Debug;
		};
		C0C63FAF2B68F1A100771E55 /* Release */ = {
			isa = XCBuildConfiguration;
			buildSettings = {
				ALWAYS_EMBED_SWIFT_STANDARD_LIBRARIES = YES;
				CODE_SIGN_STYLE = Automatic;
				CURRENT_PROJECT_VERSION = 1;
				DEVELOPMENT_TEAM = Z225784MRD;
				GENERATE_INFOPLIST_FILE = YES;
				MARKETING_VERSION = 1.0;
				PRODUCT_BUNDLE_IDENTIFIER = "uikit.SwiftUIBootcamp-BeginnerLevel-UITests";
				PRODUCT_NAME = "$(TARGET_NAME)";
				SWIFT_EMIT_LOC_STRINGS = NO;
				SWIFT_VERSION = 5.0;
				TARGETED_DEVICE_FAMILY = "1,2";
				TEST_TARGET_NAME = "SwiftUIBootcamp(BeginnerLevel)";
			};
			name = Release;
		};
/* End XCBuildConfiguration section */

/* Begin XCConfigurationList section */
		C0C63F7E2B68F19F00771E55 /* Build configuration list for PBXProject "SwiftUIBootcamp(BeginnerLevel)" */ = {
			isa = XCConfigurationList;
			buildConfigurations = (
				C0C63FA52B68F1A100771E55 /* Debug */,
				C0C63FA62B68F1A100771E55 /* Release */,
			);
			defaultConfigurationIsVisible = 0;
			defaultConfigurationName = Release;
		};
		C0C63FA72B68F1A100771E55 /* Build configuration list for PBXNativeTarget "SwiftUIBootcamp(BeginnerLevel)" */ = {
			isa = XCConfigurationList;
			buildConfigurations = (
				C0C63FA82B68F1A100771E55 /* Debug */,
				C0C63FA92B68F1A100771E55 /* Release */,
			);
			defaultConfigurationIsVisible = 0;
			defaultConfigurationName = Release;
		};
		C0C63FAA2B68F1A100771E55 /* Build configuration list for PBXNativeTarget "SwiftUIBootcamp(BeginnerLevel)Tests" */ = {
			isa = XCConfigurationList;
			buildConfigurations = (
				C0C63FAB2B68F1A100771E55 /* Debug */,
				C0C63FAC2B68F1A100771E55 /* Release */,
			);
			defaultConfigurationIsVisible = 0;
			defaultConfigurationName = Release;
		};
		C0C63FAD2B68F1A100771E55 /* Build configuration list for PBXNativeTarget "SwiftUIBootcamp(BeginnerLevel)UITests" */ = {
			isa = XCConfigurationList;
			buildConfigurations = (
				C0C63FAE2B68F1A100771E55 /* Debug */,
				C0C63FAF2B68F1A100771E55 /* Release */,
			);
			defaultConfigurationIsVisible = 0;
			defaultConfigurationName = Release;
		};
/* End XCConfigurationList section */
	};
	rootObject = C0C63F7B2B68F19F00771E55 /* Project object */;
}
