// !$*UTF8*$!
{
	archiveVersion = 1;
	classes = {
	};
	objectVersion = 56;
	objects = {

/* Begin PBXBuildFile section */
		C0C992512BAED81D00E39250 /* CoinSampleAppApp.swift in Sources */ = {isa = PBXBuildFile; fileRef = C0C992502BAED81D00E39250 /* CoinSampleAppApp.swift */; };
		C0C992532BAED81D00E39250 /* ContentView.swift in Sources */ = {isa = PBXBuildFile; fileRef = C0C992522BAED81D00E39250 /* ContentView.swift */; };
		C0C992552BAED81E00E39250 /* Assets.xcassets in Resources */ = {isa = PBXBuildFile; fileRef = C0C992542BAED81E00E39250 /* Assets.xcassets */; };
		C0C992582BAED81E00E39250 /* Preview Assets.xcassets in Resources */ = {isa = PBXBuildFile; fileRef = C0C992572BAED81E00E39250 /* Preview Assets.xcassets */; };
		C0C992622BAED81E00E39250 /* CoinSampleAppTests.swift in Sources */ = {isa = PBXBuildFile; fileRef = C0C992612BAED81E00E39250 /* CoinSampleAppTests.swift */; };
		C0C9926C2BAED81E00E39250 /* CoinSampleAppUITests.swift in Sources */ = {isa = PBXBuildFile; fileRef = C0C9926B2BAED81E00E39250 /* CoinSampleAppUITests.swift */; };
		C0C9926E2BAED81E00E39250 /* CoinSampleAppUITestsLaunchTests.swift in Sources */ = {isa = PBXBuildFile; fileRef = C0C9926D2BAED81E00E39250 /* CoinSampleAppUITestsLaunchTests.swift */; };
/* End PBXBuildFile section */

/* Begin PBXContainerItemProxy section */
		C0C9925E2BAED81E00E39250 /* PBXContainerItemProxy */ = {
			isa = PBXContainerItemProxy;
			containerPortal = C0C992452BAED81D00E39250 /* Project object */;
			proxyType = 1;
			remoteGlobalIDString = C0C9924C2BAED81D00E39250;
			remoteInfo = CoinSampleApp;
		};
		C0C992682BAED81E00E39250 /* PBXContainerItemProxy */ = {
			isa = PBXContainerItemProxy;
			containerPortal = C0C992452BAED81D00E39250 /* Project object */;
			proxyType = 1;
			remoteGlobalIDString = C0C9924C2BAED81D00E39250;
			remoteInfo = CoinSampleApp;
		};
/* End PBXContainerItemProxy section */

/* Begin PBXFileReference section */
		C0C9924D2BAED81D00E39250 /* CoinSampleApp.app */ = {isa = PBXFileReference; explicitFileType = wrapper.application; includeInIndex = 0; path = CoinSampleApp.app; sourceTree = BUILT_PRODUCTS_DIR; };
		C0C992502BAED81D00E39250 /* CoinSampleAppApp.swift */ = {isa = PBXFileReference; lastKnownFileType = sourcecode.swift; path = CoinSampleAppApp.swift; sourceTree = "<group>"; };
		C0C992522BAED81D00E39250 /* ContentView.swift */ = {isa = PBXFileReference; lastKnownFileType = sourcecode.swift; path = ContentView.swift; sourceTree = "<group>"; };
		C0C992542BAED81E00E39250 /* Assets.xcassets */ = {isa = PBXFileReference; lastKnownFileType = folder.assetcatalog; path = Assets.xcassets; sourceTree = "<group>"; };
		C0C992572BAED81E00E39250 /* Preview Assets.xcassets */ = {isa = PBXFileReference; lastKnownFileType = folder.assetcatalog; path = "Preview Assets.xcassets"; sourceTree = "<group>"; };
		C0C9925D2BAED81E00E39250 /* CoinSampleAppTests.xctest */ = {isa = PBXFileReference; explicitFileType = wrapper.cfbundle; includeInIndex = 0; path = CoinSampleAppTests.xctest; sourceTree = BUILT_PRODUCTS_DIR; };
		C0C992612BAED81E00E39250 /* CoinSampleAppTests.swift */ = {isa = PBXFileReference; lastKnownFileType = sourcecode.swift; path = CoinSampleAppTests.swift; sourceTree = "<group>"; };
		C0C992672BAED81E00E39250 /* CoinSampleAppUITests.xctest */ = {isa = PBXFileReference; explicitFileType = wrapper.cfbundle; includeInIndex = 0; path = CoinSampleAppUITests.xctest; sourceTree = BUILT_PRODUCTS_DIR; };
		C0C9926B2BAED81E00E39250 /* CoinSampleAppUITests.swift */ = {isa = PBXFileReference; lastKnownFileType = sourcecode.swift; path = CoinSampleAppUITests.swift; sourceTree = "<group>"; };
		C0C9926D2BAED81E00E39250 /* CoinSampleAppUITestsLaunchTests.swift */ = {isa = PBXFileReference; lastKnownFileType = sourcecode.swift; path = CoinSampleAppUITestsLaunchTests.swift; sourceTree = "<group>"; };
/* End PBXFileReference section */

/* Begin PBXFrameworksBuildPhase section */
		C0C9924A2BAED81D00E39250 /* Frameworks */ = {
			isa = PBXFrameworksBuildPhase;
			buildActionMask = 2147483647;
			files = (
			);
			runOnlyForDeploymentPostprocessing = 0;
		};
		C0C9925A2BAED81E00E39250 /* Frameworks */ = {
			isa = PBXFrameworksBuildPhase;
			buildActionMask = 2147483647;
			files = (
			);
			runOnlyForDeploymentPostprocessing = 0;
		};
		C0C992642BAED81E00E39250 /* Frameworks */ = {
			isa = PBXFrameworksBuildPhase;
			buildActionMask = 2147483647;
			files = (
			);
			runOnlyForDeploymentPostprocessing = 0;
		};
/* End PBXFrameworksBuildPhase section */

/* Begin PBXGroup section */
		C0C992442BAED81D00E39250 = {
			isa = PBXGroup;
			children = (
				C0C9924F2BAED81D00E39250 /* CoinSampleApp */,
				C0C992602BAED81E00E39250 /* CoinSampleAppTests */,
				C0C9926A2BAED81E00E39250 /* CoinSampleAppUITests */,
				C0C9924E2BAED81D00E39250 /* Products */,
			);
			sourceTree = "<group>";
		};
		C0C9924E2BAED81D00E39250 /* Products */ = {
			isa = PBXGroup;
			children = (
				C0C9924D2BAED81D00E39250 /* CoinSampleApp.app */,
				C0C9925D2BAED81E00E39250 /* CoinSampleAppTests.xctest */,
				C0C992672BAED81E00E39250 /* CoinSampleAppUITests.xctest */,
			);
			name = Products;
			sourceTree = "<group>";
		};
		C0C9924F2BAED81D00E39250 /* CoinSampleApp */ = {
			isa = PBXGroup;
			children = (
				C0C992502BAED81D00E39250 /* CoinSampleAppApp.swift */,
				C0C992522BAED81D00E39250 /* ContentView.swift */,
				C0C992542BAED81E00E39250 /* Assets.xcassets */,
				C0C992562BAED81E00E39250 /* Preview Content */,
			);
			path = CoinSampleApp;
			sourceTree = "<group>";
		};
		C0C992562BAED81E00E39250 /* Preview Content */ = {
			isa = PBXGroup;
			children = (
				C0C992572BAED81E00E39250 /* Preview Assets.xcassets */,
			);
			path = "Preview Content";
			sourceTree = "<group>";
		};
		C0C992602BAED81E00E39250 /* CoinSampleAppTests */ = {
			isa = PBXGroup;
			children = (
				C0C992612BAED81E00E39250 /* CoinSampleAppTests.swift */,
			);
			path = CoinSampleAppTests;
			sourceTree = "<group>";
		};
		C0C9926A2BAED81E00E39250 /* CoinSampleAppUITests */ = {
			isa = PBXGroup;
			children = (
				C0C9926B2BAED81E00E39250 /* CoinSampleAppUITests.swift */,
				C0C9926D2BAED81E00E39250 /* CoinSampleAppUITestsLaunchTests.swift */,
			);
			path = CoinSampleAppUITests;
			sourceTree = "<group>";
		};
/* End PBXGroup section */

/* Begin PBXNativeTarget section */
		C0C9924C2BAED81D00E39250 /* CoinSampleApp */ = {
			isa = PBXNativeTarget;
			buildConfigurationList = C0C992712BAED81E00E39250 /* Build configuration list for PBXNativeTarget "CoinSampleApp" */;
			buildPhases = (
				C0C992492BAED81D00E39250 /* Sources */,
				C0C9924A2BAED81D00E39250 /* Frameworks */,
				C0C9924B2BAED81D00E39250 /* Resources */,
			);
			buildRules = (
			);
			dependencies = (
			);
			name = CoinSampleApp;
			productName = CoinSampleApp;
			productReference = C0C9924D2BAED81D00E39250 /* CoinSampleApp.app */;
			productType = "com.apple.product-type.application";
		};
		C0C9925C2BAED81E00E39250 /* CoinSampleAppTests */ = {
			isa = PBXNativeTarget;
			buildConfigurationList = C0C992742BAED81E00E39250 /* Build configuration list for PBXNativeTarget "CoinSampleAppTests" */;
			buildPhases = (
				C0C992592BAED81E00E39250 /* Sources */,
				C0C9925A2BAED81E00E39250 /* Frameworks */,
				C0C9925B2BAED81E00E39250 /* Resources */,
			);
			buildRules = (
			);
			dependencies = (
				C0C9925F2BAED81E00E39250 /* PBXTargetDependency */,
			);
			name = CoinSampleAppTests;
			productName = CoinSampleAppTests;
			productReference = C0C9925D2BAED81E00E39250 /* CoinSampleAppTests.xctest */;
			productType = "com.apple.product-type.bundle.unit-test";
		};
		C0C992662BAED81E00E39250 /* CoinSampleAppUITests */ = {
			isa = PBXNativeTarget;
			buildConfigurationList = C0C992772BAED81E00E39250 /* Build configuration list for PBXNativeTarget "CoinSampleAppUITests" */;
			buildPhases = (
				C0C992632BAED81E00E39250 /* Sources */,
				C0C992642BAED81E00E39250 /* Frameworks */,
				C0C992652BAED81E00E39250 /* Resources */,
			);
			buildRules = (
			);
			dependencies = (
				C0C992692BAED81E00E39250 /* PBXTargetDependency */,
			);
			name = CoinSampleAppUITests;
			productName = CoinSampleAppUITests;
			productReference = C0C992672BAED81E00E39250 /* CoinSampleAppUITests.xctest */;
			productType = "com.apple.product-type.bundle.ui-testing";
		};
/* End PBXNativeTarget section */

/* Begin PBXProject section */
		C0C992452BAED81D00E39250 /* Project object */ = {
			isa = PBXProject;
			attributes = {
				BuildIndependentTargetsInParallel = 1;
				LastSwiftUpdateCheck = 1530;
				LastUpgradeCheck = 1530;
				TargetAttributes = {
					C0C9924C2BAED81D00E39250 = {
						CreatedOnToolsVersion = 15.3;
					};
					C0C9925C2BAED81E00E39250 = {
						CreatedOnToolsVersion = 15.3;
						TestTargetID = C0C9924C2BAED81D00E39250;
					};
					C0C992662BAED81E00E39250 = {
						CreatedOnToolsVersion = 15.3;
						TestTargetID = C0C9924C2BAED81D00E39250;
					};
				};
			};
			buildConfigurationList = C0C992482BAED81D00E39250 /* Build configuration list for PBXProject "CoinSampleApp" */;
			compatibilityVersion = "Xcode 14.0";
			developmentRegion = en;
			hasScannedForEncodings = 0;
			knownRegions = (
				en,
				Base,
			);
			mainGroup = C0C992442BAED81D00E39250;
			productRefGroup = C0C9924E2BAED81D00E39250 /* Products */;
			projectDirPath = "";
			projectRoot = "";
			targets = (
				C0C9924C2BAED81D00E39250 /* CoinSampleApp */,
				C0C9925C2BAED81E00E39250 /* CoinSampleAppTests */,
				C0C992662BAED81E00E39250 /* CoinSampleAppUITests */,
			);
		};
/* End PBXProject section */

/* Begin PBXResourcesBuildPhase section */
		C0C9924B2BAED81D00E39250 /* Resources */ = {
			isa = PBXResourcesBuildPhase;
			buildActionMask = 2147483647;
			files = (
				C0C992582BAED81E00E39250 /* Preview Assets.xcassets in Resources */,
				C0C992552BAED81E00E39250 /* Assets.xcassets in Resources */,
			);
			runOnlyForDeploymentPostprocessing = 0;
		};
		C0C9925B2BAED81E00E39250 /* Resources */ = {
			isa = PBXResourcesBuildPhase;
			buildActionMask = 2147483647;
			files = (
			);
			runOnlyForDeploymentPostprocessing = 0;
		};
		C0C992652BAED81E00E39250 /* Resources */ = {
			isa = PBXResourcesBuildPhase;
			buildActionMask = 2147483647;
			files = (
			);
			runOnlyForDeploymentPostprocessing = 0;
		};
/* End PBXResourcesBuildPhase section */

/* Begin PBXSourcesBuildPhase section */
		C0C992492BAED81D00E39250 /* Sources */ = {
			isa = PBXSourcesBuildPhase;
			buildActionMask = 2147483647;
			files = (
				C0C992532BAED81D00E39250 /* ContentView.swift in Sources */,
				C0C992512BAED81D00E39250 /* CoinSampleAppApp.swift in Sources */,
			);
			runOnlyForDeploymentPostprocessing = 0;
		};
		C0C992592BAED81E00E39250 /* Sources */ = {
			isa = PBXSourcesBuildPhase;
			buildActionMask = 2147483647;
			files = (
				C0C992622BAED81E00E39250 /* CoinSampleAppTests.swift in Sources */,
			);
			runOnlyForDeploymentPostprocessing = 0;
		};
		C0C992632BAED81E00E39250 /* Sources */ = {
			isa = PBXSourcesBuildPhase;
			buildActionMask = 2147483647;
			files = (
				C0C9926C2BAED81E00E39250 /* CoinSampleAppUITests.swift in Sources */,
				C0C9926E2BAED81E00E39250 /* CoinSampleAppUITestsLaunchTests.swift in Sources */,
			);
			runOnlyForDeploymentPostprocessing = 0;
		};
/* End PBXSourcesBuildPhase section */

/* Begin PBXTargetDependency section */
		C0C9925F2BAED81E00E39250 /* PBXTargetDependency */ = {
			isa = PBXTargetDependency;
			target = C0C9924C2BAED81D00E39250 /* CoinSampleApp */;
			targetProxy = C0C9925E2BAED81E00E39250 /* PBXContainerItemProxy */;
		};
		C0C992692BAED81E00E39250 /* PBXTargetDependency */ = {
			isa = PBXTargetDependency;
			target = C0C9924C2BAED81D00E39250 /* CoinSampleApp */;
			targetProxy = C0C992682BAED81E00E39250 /* PBXContainerItemProxy */;
		};
/* End PBXTargetDependency section */

/* Begin XCBuildConfiguration section */
		C0C9926F2BAED81E00E39250 /* Debug */ = {
			isa = XCBuildConfiguration;
			buildSettings = {
				ALWAYS_SEARCH_USER_PATHS = NO;
				ASSETCATALOG_COMPILER_GENERATE_SWIFT_ASSET_SYMBOL_EXTENSIONS = YES;
				CLANG_ANALYZER_NONNULL = YES;
				CLANG_ANALYZER_NUMBER_OBJECT_CONVERSION = YES_AGGRESSIVE;
				CLANG_CXX_LANGUAGE_STANDARD = "gnu++20";
				CLANG_ENABLE_MODULES = YES;
				CLANG_ENABLE_OBJC_ARC = YES;
				CLANG_ENABLE_OBJC_WEAK = YES;
				CLANG_WARN_BLOCK_CAPTURE_AUTORELEASING = YES;
				CLANG_WARN_BOOL_CONVERSION = YES;
				CLANG_WARN_COMMA = YES;
				CLANG_WARN_CONSTANT_CONVERSION = YES;
				CLANG_WARN_DEPRECATED_OBJC_IMPLEMENTATIONS = YES;
				CLANG_WARN_DIRECT_OBJC_ISA_USAGE = YES_ERROR;
				CLANG_WARN_DOCUMENTATION_COMMENTS = YES;
				CLANG_WARN_EMPTY_BODY = YES;
				CLANG_WARN_ENUM_CONVERSION = YES;
				CLANG_WARN_INFINITE_RECURSION = YES;
				CLANG_WARN_INT_CONVERSION = YES;
				CLANG_WARN_NON_LITERAL_NULL_CONVERSION = YES;
				CLANG_WARN_OBJC_IMPLICIT_RETAIN_SELF = YES;
				CLANG_WARN_OBJC_LITERAL_CONVERSION = YES;
				CLANG_WARN_OBJC_ROOT_CLASS = YES_ERROR;
				CLANG_WARN_QUOTED_INCLUDE_IN_FRAMEWORK_HEADER = YES;
				CLANG_WARN_RANGE_LOOP_ANALYSIS = YES;
				CLANG_WARN_STRICT_PROTOTYPES = YES;
				CLANG_WARN_SUSPICIOUS_MOVE = YES;
				CLANG_WARN_UNGUARDED_AVAILABILITY = YES_AGGRESSIVE;
				CLANG_WARN_UNREACHABLE_CODE = YES;
				CLANG_WARN__DUPLICATE_METHOD_MATCH = YES;
				COPY_PHASE_STRIP = NO;
				DEBUG_INFORMATION_FORMAT = dwarf;
				ENABLE_STRICT_OBJC_MSGSEND = YES;
				ENABLE_TESTABILITY = YES;
				ENABLE_USER_SCRIPT_SANDBOXING = YES;
				GCC_C_LANGUAGE_STANDARD = gnu17;
				GCC_DYNAMIC_NO_PIC = NO;
				GCC_NO_COMMON_BLOCKS = YES;
				GCC_OPTIMIZATION_LEVEL = 0;
				GCC_PREPROCESSOR_DEFINITIONS = (
					"DEBUG=1",
					"$(inherited)",
				);
				GCC_WARN_64_TO_32_BIT_CONVERSION = YES;
				GCC_WARN_ABOUT_RETURN_TYPE = YES_ERROR;
				GCC_WARN_UNDECLARED_SELECTOR = YES;
				GCC_WARN_UNINITIALIZED_AUTOS = YES_AGGRESSIVE;
				GCC_WARN_UNUSED_FUNCTION = YES;
				GCC_WARN_UNUSED_VARIABLE = YES;
				IPHONEOS_DEPLOYMENT_TARGET = 17.4;
				LOCALIZATION_PREFERS_STRING_CATALOGS = YES;
				MTL_ENABLE_DEBUG_INFO = INCLUDE_SOURCE;
				MTL_FAST_MATH = YES;
				ONLY_ACTIVE_ARCH = YES;
				SDKROOT = iphoneos;
				SWIFT_ACTIVE_COMPILATION_CONDITIONS = "DEBUG $(inherited)";
				SWIFT_OPTIMIZATION_LEVEL = "-Onone";
			};
			name = Debug;
		};
		C0C992702BAED81E00E39250 /* Release */ = {
			isa = XCBuildConfiguration;
			buildSettings = {
				ALWAYS_SEARCH_USER_PATHS = NO;
				ASSETCATALOG_COMPILER_GENERATE_SWIFT_ASSET_SYMBOL_EXTENSIONS = YES;
				CLANG_ANALYZER_NONNULL = YES;
				CLANG_ANALYZER_NUMBER_OBJECT_CONVERSION = YES_AGGRESSIVE;
				CLANG_CXX_LANGUAGE_STANDARD = "gnu++20";
				CLANG_ENABLE_MODULES = YES;
				CLANG_ENABLE_OBJC_ARC = YES;
				CLANG_ENABLE_OBJC_WEAK = YES;
				CLANG_WARN_BLOCK_CAPTURE_AUTORELEASING = YES;
				CLANG_WARN_BOOL_CONVERSION = YES;
				CLANG_WARN_COMMA = YES;
				CLANG_WARN_CONSTANT_CONVERSION = YES;
				CLANG_WARN_DEPRECATED_OBJC_IMPLEMENTATIONS = YES;
				CLANG_WARN_DIRECT_OBJC_ISA_USAGE = YES_ERROR;
				CLANG_WARN_DOCUMENTATION_COMMENTS = YES;
				CLANG_WARN_EMPTY_BODY = YES;
				CLANG_WARN_ENUM_CONVERSION = YES;
				CLANG_WARN_INFINITE_RECURSION = YES;
				CLANG_WARN_INT_CONVERSION = YES;
				CLANG_WARN_NON_LITERAL_NULL_CONVERSION = YES;
				CLANG_WARN_OBJC_IMPLICIT_RETAIN_SELF = YES;
				CLANG_WARN_OBJC_LITERAL_CONVERSION = YES;
				CLANG_WARN_OBJC_ROOT_CLASS = YES_ERROR;
				CLANG_WARN_QUOTED_INCLUDE_IN_FRAMEWORK_HEADER = YES;
				CLANG_WARN_RANGE_LOOP_ANALYSIS = YES;
				CLANG_WARN_STRICT_PROTOTYPES = YES;
				CLANG_WARN_SUSPICIOUS_MOVE = YES;
				CLANG_WARN_UNGUARDED_AVAILABILITY = YES_AGGRESSIVE;
				CLANG_WARN_UNREACHABLE_CODE = YES;
				CLANG_WARN__DUPLICATE_METHOD_MATCH = YES;
				COPY_PHASE_STRIP = NO;
				DEBUG_INFORMATION_FORMAT = "dwarf-with-dsym";
				ENABLE_NS_ASSERTIONS = NO;
				ENABLE_STRICT_OBJC_MSGSEND = YES;
				ENABLE_USER_SCRIPT_SANDBOXING = YES;
				GCC_C_LANGUAGE_STANDARD = gnu17;
				GCC_NO_COMMON_BLOCKS = YES;
				GCC_WARN_64_TO_32_BIT_CONVERSION = YES;
				GCC_WARN_ABOUT_RETURN_TYPE = YES_ERROR;
				GCC_WARN_UNDECLARED_SELECTOR = YES;
				GCC_WARN_UNINITIALIZED_AUTOS = YES_AGGRESSIVE;
				GCC_WARN_UNUSED_FUNCTION = YES;
				GCC_WARN_UNUSED_VARIABLE = YES;
				IPHONEOS_DEPLOYMENT_TARGET = 17.4;
				LOCALIZATION_PREFERS_STRING_CATALOGS = YES;
				MTL_ENABLE_DEBUG_INFO = NO;
				MTL_FAST_MATH = YES;
				SDKROOT = iphoneos;
				SWIFT_COMPILATION_MODE = wholemodule;
				VALIDATE_PRODUCT = YES;
			};
			name = Release;
		};
		C0C992722BAED81E00E39250 /* Debug */ = {
			isa = XCBuildConfiguration;
			buildSettings = {
				ASSETCATALOG_COMPILER_APPICON_NAME = AppIcon;
				ASSETCATALOG_COMPILER_GLOBAL_ACCENT_COLOR_NAME = AccentColor;
				CODE_SIGN_STYLE = Automatic;
				CURRENT_PROJECT_VERSION = 1;
				DEVELOPMENT_ASSET_PATHS = "\"CoinSampleApp/Preview Content\"";
				DEVELOPMENT_TEAM = Z225784MRD;
				ENABLE_PREVIEWS = YES;
				GENERATE_INFOPLIST_FILE = YES;
				INFOPLIST_KEY_UIApplicationSceneManifest_Generation = YES;
				INFOPLIST_KEY_UIApplicationSupportsIndirectInputEvents = YES;
				INFOPLIST_KEY_UILaunchScreen_Generation = YES;
				INFOPLIST_KEY_UISupportedInterfaceOrientations_iPad = "UIInterfaceOrientationPortrait UIInterfaceOrientationPortraitUpsideDown UIInterfaceOrientationLandscapeLeft UIInterfaceOrientationLandscapeRight";
				INFOPLIST_KEY_UISupportedInterfaceOrientations_iPhone = "UIInterfaceOrientationPortrait UIInterfaceOrientationLandscapeLeft UIInterfaceOrientationLandscapeRight";
				LD_RUNPATH_SEARCH_PATHS = (
					"$(inherited)",
					"@executable_path/Frameworks",
				);
				MARKETING_VERSION = 1.0;
				PRODUCT_BUNDLE_IDENTIFIER = uikit.CoinSampleApp;
				PRODUCT_NAME = "$(TARGET_NAME)";
				SWIFT_EMIT_LOC_STRINGS = YES;
				SWIFT_VERSION = 5.0;
				TARGETED_DEVICE_FAMILY = "1,2";
			};
			name = Debug;
		};
		C0C992732BAED81E00E39250 /* Release */ = {
			isa = XCBuildConfiguration;
			buildSettings = {
				ASSETCATALOG_COMPILER_APPICON_NAME = AppIcon;
				ASSETCATALOG_COMPILER_GLOBAL_ACCENT_COLOR_NAME = AccentColor;
				CODE_SIGN_STYLE = Automatic;
				CURRENT_PROJECT_VERSION = 1;
				DEVELOPMENT_ASSET_PATHS = "\"CoinSampleApp/Preview Content\"";
				DEVELOPMENT_TEAM = Z225784MRD;
				ENABLE_PREVIEWS = YES;
				GENERATE_INFOPLIST_FILE = YES;
				INFOPLIST_KEY_UIApplicationSceneManifest_Generation = YES;
				INFOPLIST_KEY_UIApplicationSupportsIndirectInputEvents = YES;
				INFOPLIST_KEY_UILaunchScreen_Generation = YES;
				INFOPLIST_KEY_UISupportedInterfaceOrientations_iPad = "UIInterfaceOrientationPortrait UIInterfaceOrientationPortraitUpsideDown UIInterfaceOrientationLandscapeLeft UIInterfaceOrientationLandscapeRight";
				INFOPLIST_KEY_UISupportedInterfaceOrientations_iPhone = "UIInterfaceOrientationPortrait UIInterfaceOrientationLandscapeLeft UIInterfaceOrientationLandscapeRight";
				LD_RUNPATH_SEARCH_PATHS = (
					"$(inherited)",
					"@executable_path/Frameworks",
				);
				MARKETING_VERSION = 1.0;
				PRODUCT_BUNDLE_IDENTIFIER = uikit.CoinSampleApp;
				PRODUCT_NAME = "$(TARGET_NAME)";
				SWIFT_EMIT_LOC_STRINGS = YES;
				SWIFT_VERSION = 5.0;
				TARGETED_DEVICE_FAMILY = "1,2";
			};
			name = Release;
		};
		C0C992752BAED81E00E39250 /* Debug */ = {
			isa = XCBuildConfiguration;
			buildSettings = {
				ALWAYS_EMBED_SWIFT_STANDARD_LIBRARIES = YES;
				BUNDLE_LOADER = "$(TEST_HOST)";
				CODE_SIGN_STYLE = Automatic;
				CURRENT_PROJECT_VERSION = 1;
				DEVELOPMENT_TEAM = Z225784MRD;
				GENERATE_INFOPLIST_FILE = YES;
				IPHONEOS_DEPLOYMENT_TARGET = 17.4;
				MARKETING_VERSION = 1.0;
				PRODUCT_BUNDLE_IDENTIFIER = uikit.CoinSampleAppTests;
				PRODUCT_NAME = "$(TARGET_NAME)";
				SWIFT_EMIT_LOC_STRINGS = NO;
				SWIFT_VERSION = 5.0;
				TARGETED_DEVICE_FAMILY = "1,2";
				TEST_HOST = "$(BUILT_PRODUCTS_DIR)/CoinSampleApp.app/$(BUNDLE_EXECUTABLE_FOLDER_PATH)/CoinSampleApp";
			};
			name = Debug;
		};
		C0C992762BAED81E00E39250 /* Release */ = {
			isa = XCBuildConfiguration;
			buildSettings = {
				ALWAYS_EMBED_SWIFT_STANDARD_LIBRARIES = YES;
				BUNDLE_LOADER = "$(TEST_HOST)";
				CODE_SIGN_STYLE = Automatic;
				CURRENT_PROJECT_VERSION = 1;
				DEVELOPMENT_TEAM = Z225784MRD;
				GENERATE_INFOPLIST_FILE = YES;
				IPHONEOS_DEPLOYMENT_TARGET = 17.4;
				MARKETING_VERSION = 1.0;
				PRODUCT_BUNDLE_IDENTIFIER = uikit.CoinSampleAppTests;
				PRODUCT_NAME = "$(TARGET_NAME)";
				SWIFT_EMIT_LOC_STRINGS = NO;
				SWIFT_VERSION = 5.0;
				TARGETED_DEVICE_FAMILY = "1,2";
				TEST_HOST = "$(BUILT_PRODUCTS_DIR)/CoinSampleApp.app/$(BUNDLE_EXECUTABLE_FOLDER_PATH)/CoinSampleApp";
			};
			name = Release;
		};
		C0C992782BAED81E00E39250 /* Debug */ = {
			isa = XCBuildConfiguration;
			buildSettings = {
				ALWAYS_EMBED_SWIFT_STANDARD_LIBRARIES = YES;
				CODE_SIGN_STYLE = Automatic;
				CURRENT_PROJECT_VERSION = 1;
				DEVELOPMENT_TEAM = Z225784MRD;
				GENERATE_INFOPLIST_FILE = YES;
				MARKETING_VERSION = 1.0;
				PRODUCT_BUNDLE_IDENTIFIER = uikit.CoinSampleAppUITests;
				PRODUCT_NAME = "$(TARGET_NAME)";
				SWIFT_EMIT_LOC_STRINGS = NO;
				SWIFT_VERSION = 5.0;
				TARGETED_DEVICE_FAMILY = "1,2";
				TEST_TARGET_NAME = CoinSampleApp;
			};
			name = Debug;
		};
		C0C992792BAED81E00E39250 /* Release */ = {
			isa = XCBuildConfiguration;
			buildSettings = {
				ALWAYS_EMBED_SWIFT_STANDARD_LIBRARIES = YES;
				CODE_SIGN_STYLE = Automatic;
				CURRENT_PROJECT_VERSION = 1;
				DEVELOPMENT_TEAM = Z225784MRD;
				GENERATE_INFOPLIST_FILE = YES;
				MARKETING_VERSION = 1.0;
				PRODUCT_BUNDLE_IDENTIFIER = uikit.CoinSampleAppUITests;
				PRODUCT_NAME = "$(TARGET_NAME)";
				SWIFT_EMIT_LOC_STRINGS = NO;
				SWIFT_VERSION = 5.0;
				TARGETED_DEVICE_FAMILY = "1,2";
				TEST_TARGET_NAME = CoinSampleApp;
			};
			name = Release;
		};
/* End XCBuildConfiguration section */

/* Begin XCConfigurationList section */
		C0C992482BAED81D00E39250 /* Build configuration list for PBXProject "CoinSampleApp" */ = {
			isa = XCConfigurationList;
			buildConfigurations = (
				C0C9926F2BAED81E00E39250 /* Debug */,
				C0C992702BAED81E00E39250 /* Release */,
			);
			defaultConfigurationIsVisible = 0;
			defaultConfigurationName = Release;
		};
		C0C992712BAED81E00E39250 /* Build configuration list for PBXNativeTarget "CoinSampleApp" */ = {
			isa = XCConfigurationList;
			buildConfigurations = (
				C0C992722BAED81E00E39250 /* Debug */,
				C0C992732BAED81E00E39250 /* Release */,
			);
			defaultConfigurationIsVisible = 0;
			defaultConfigurationName = Release;
		};
		C0C992742BAED81E00E39250 /* Build configuration list for PBXNativeTarget "CoinSampleAppTests" */ = {
			isa = XCConfigurationList;
			buildConfigurations = (
				C0C992752BAED81E00E39250 /* Debug */,
				C0C992762BAED81E00E39250 /* Release */,
			);
			defaultConfigurationIsVisible = 0;
			defaultConfigurationName = Release;
		};
		C0C992772BAED81E00E39250 /* Build configuration list for PBXNativeTarget "CoinSampleAppUITests" */ = {
			isa = XCConfigurationList;
			buildConfigurations = (
				C0C992782BAED81E00E39250 /* Debug */,
				C0C992792BAED81E00E39250 /* Release */,
			);
			defaultConfigurationIsVisible = 0;
			defaultConfigurationName = Release;
		};
/* End XCConfigurationList section */
	};
	rootObject = C0C992452BAED81D00E39250 /* Project object */;
}
